// !$*UTF8*$!
{
	archiveVersion = 1;
	classes = {
	};
	objectVersion = 48;
	objects = {

/* Begin PBXBuildFile section */
		5D2F7C9E2096A66D007B3812 /* UIViewController+BackButtonHandler.m in Sources */ = {isa = PBXBuildFile; fileRef = 5D2F7C9D2096A66D007B3812 /* UIViewController+BackButtonHandler.m */; };
		5D2F7CA9209C3058007B3812 /* ZMHomeBodyBuildingKnowledageCell.m in Sources */ = {isa = PBXBuildFile; fileRef = 5D2F7CA7209C3058007B3812 /* ZMHomeBodyBuildingKnowledageCell.m */; };
		5D2F7CAA209C3058007B3812 /* ZMHomeBodyBuildingKnowledageCell.xib in Resources */ = {isa = PBXBuildFile; fileRef = 5D2F7CA8209C3058007B3812 /* ZMHomeBodyBuildingKnowledageCell.xib */; };
		5D2F7CAE209C3079007B3812 /* ZMExerciseResultCell.m in Sources */ = {isa = PBXBuildFile; fileRef = 5D2F7CAC209C3079007B3812 /* ZMExerciseResultCell.m */; };
		5D2F7CAF209C3079007B3812 /* ZMExerciseResultCell.xib in Resources */ = {isa = PBXBuildFile; fileRef = 5D2F7CAD209C3079007B3812 /* ZMExerciseResultCell.xib */; };
		5D2F7CB3209C30C3007B3812 /* ZMMemberResultItemCell.m in Sources */ = {isa = PBXBuildFile; fileRef = 5D2F7CB1209C30C3007B3812 /* ZMMemberResultItemCell.m */; };
		5D2F7CB4209C30C3007B3812 /* ZMMemberResultItemCell.xib in Resources */ = {isa = PBXBuildFile; fileRef = 5D2F7CB2209C30C3007B3812 /* ZMMemberResultItemCell.xib */; };
		5D2F7CB8209C30DF007B3812 /* ZMMemberResultCell.m in Sources */ = {isa = PBXBuildFile; fileRef = 5D2F7CB6209C30DF007B3812 /* ZMMemberResultCell.m */; };
		5D2F7CBC209D6FE4007B3812 /* ZMHomeSectionView.m in Sources */ = {isa = PBXBuildFile; fileRef = 5D2F7CBB209D6FE4007B3812 /* ZMHomeSectionView.m */; };
		5D2F7CC0209D7CDE007B3812 /* ZMPreferentialActivityController.m in Sources */ = {isa = PBXBuildFile; fileRef = 5D2F7CBF209D7CDE007B3812 /* ZMPreferentialActivityController.m */; };
		5D2F7CC4209D7E91007B3812 /* ZMMarketTableViewController.m in Sources */ = {isa = PBXBuildFile; fileRef = 5D2F7CC3209D7E91007B3812 /* ZMMarketTableViewController.m */; };
		5D2F7CE0209D845A007B3812 /* ZMNearMemberViewController.m in Sources */ = {isa = PBXBuildFile; fileRef = 5D2F7CDF209D845A007B3812 /* ZMNearMemberViewController.m */; };
		5D2F7CE5209D8556007B3812 /* ZMNearMememberCell.m in Sources */ = {isa = PBXBuildFile; fileRef = 5D2F7CE3209D8556007B3812 /* ZMNearMememberCell.m */; };
		5D2F7CE6209D8556007B3812 /* ZMNearMememberCell.xib in Resources */ = {isa = PBXBuildFile; fileRef = 5D2F7CE4209D8556007B3812 /* ZMNearMememberCell.xib */; };
		5D2F7CF6209D9411007B3812 /* YPTabItem.m in Sources */ = {isa = PBXBuildFile; fileRef = 5D2F7CF1209D9411007B3812 /* YPTabItem.m */; };
		5D2F7CF7209D9411007B3812 /* UIScrollView+YPTabBarController.m in Sources */ = {isa = PBXBuildFile; fileRef = 5D2F7CF2209D9411007B3812 /* UIScrollView+YPTabBarController.m */; };
		5D2F7CF8209D9411007B3812 /* YPTabBarController.m in Sources */ = {isa = PBXBuildFile; fileRef = 5D2F7CF3209D9411007B3812 /* YPTabBarController.m */; };
		5D2F7CF9209D9411007B3812 /* YPTabBar.m in Sources */ = {isa = PBXBuildFile; fileRef = 5D2F7CF4209D9411007B3812 /* YPTabBar.m */; };
		5D2F7CFA209D9411007B3812 /* UIViewController+YPTabBarController.m in Sources */ = {isa = PBXBuildFile; fileRef = 5D2F7CF5209D9411007B3812 /* UIViewController+YPTabBarController.m */; };
		5D2F7CFD209D9482007B3812 /* ZMMessageViewController.m in Sources */ = {isa = PBXBuildFile; fileRef = 5D2F7CFC209D9482007B3812 /* ZMMessageViewController.m */; };
		5D2F7D03209D9503007B3812 /* ZMMessageListController.m in Sources */ = {isa = PBXBuildFile; fileRef = 5D2F7D02209D9503007B3812 /* ZMMessageListController.m */; };
		5D2F7D06209E9035007B3812 /* UIButton+YPKit.m in Sources */ = {isa = PBXBuildFile; fileRef = 5D2F7D05209E9035007B3812 /* UIButton+YPKit.m */; };
		5D2F7D09209E91EA007B3812 /* NSString+YPKit.m in Sources */ = {isa = PBXBuildFile; fileRef = 5D2F7D08209E91EA007B3812 /* NSString+YPKit.m */; };
		5D2F7D0C209E976C007B3812 /* ZMMemberListController.m in Sources */ = {isa = PBXBuildFile; fileRef = 5D2F7D0B209E976C007B3812 /* ZMMemberListController.m */; };
		5D2F7D0F209E9E31007B3812 /* ZMSearchButton.xib in Resources */ = {isa = PBXBuildFile; fileRef = 5D2F7D0E209E9E31007B3812 /* ZMSearchButton.xib */; };
		5D2F7D12209EA3EC007B3812 /* ZMCourseListViewController.m in Sources */ = {isa = PBXBuildFile; fileRef = 5D2F7D11209EA3EC007B3812 /* ZMCourseListViewController.m */; };
		5D343F78207BB62E006F8616 /* UIColor+Hex.m in Sources */ = {isa = PBXBuildFile; fileRef = 5D343F77207BB62E006F8616 /* UIColor+Hex.m */; };
		5D343F7D207BB93F006F8616 /* RegisterViewController.m in Sources */ = {isa = PBXBuildFile; fileRef = 5D343F7B207BB93F006F8616 /* RegisterViewController.m */; };
		5D343F7E207BB93F006F8616 /* RegisterViewController.xib in Resources */ = {isa = PBXBuildFile; fileRef = 5D343F7C207BB93F006F8616 /* RegisterViewController.xib */; };
		5D343F83207BC21F006F8616 /* ForgetPasswordViewController.xib in Resources */ = {isa = PBXBuildFile; fileRef = 5D343F81207BC21F006F8616 /* ForgetPasswordViewController.xib */; };
		5D343F84207BC21F006F8616 /* ForgetPasswordViewController.m in Sources */ = {isa = PBXBuildFile; fileRef = 5D343F82207BC21F006F8616 /* ForgetPasswordViewController.m */; };
		5D343F89207BC345006F8616 /* ChooseRoleViewController.m in Sources */ = {isa = PBXBuildFile; fileRef = 5D343F87207BC345006F8616 /* ChooseRoleViewController.m */; };
		5D343F8A207BC345006F8616 /* ChooseRoleViewController.xib in Resources */ = {isa = PBXBuildFile; fileRef = 5D343F88207BC345006F8616 /* ChooseRoleViewController.xib */; };
		5D3BC35020A09CE300510004 /* ZMExerciseMaximViewController.m in Sources */ = {isa = PBXBuildFile; fileRef = 5D3BC34220A09CE300510004 /* ZMExerciseMaximViewController.m */; };
		5D3BC35120A09CE300510004 /* ZMGoodAtFieldViewController.m in Sources */ = {isa = PBXBuildFile; fileRef = 5D3BC34320A09CE300510004 /* ZMGoodAtFieldViewController.m */; };
		5D3BC35220A09CE300510004 /* TeachQAViewController.m in Sources */ = {isa = PBXBuildFile; fileRef = 5D3BC34420A09CE300510004 /* TeachQAViewController.m */; };
		5D3BC35320A09CE300510004 /* ZMExerciseMaximViewController.xib in Resources */ = {isa = PBXBuildFile; fileRef = 5D3BC34520A09CE300510004 /* ZMExerciseMaximViewController.xib */; };
		5D3BC35420A09CE300510004 /* ZMFieldModel.m in Sources */ = {isa = PBXBuildFile; fileRef = 5D3BC34720A09CE300510004 /* ZMFieldModel.m */; };
		5D3BC35520A09CE300510004 /* ZMFieldCollectionViewCell.xib in Resources */ = {isa = PBXBuildFile; fileRef = 5D3BC34A20A09CE300510004 /* ZMFieldCollectionViewCell.xib */; };
		5D3BC35620A09CE300510004 /* ZMFieldCollectionViewCell.m in Sources */ = {isa = PBXBuildFile; fileRef = 5D3BC34B20A09CE300510004 /* ZMFieldCollectionViewCell.m */; };
		5D5BB21B2084EC980067709B /* LoginTopView.m in Sources */ = {isa = PBXBuildFile; fileRef = 5D5BB21A2084EC980067709B /* LoginTopView.m */; };
		5D5BB21E2084ECC70067709B /* UIView+AddBackView.m in Sources */ = {isa = PBXBuildFile; fileRef = 5D5BB21D2084ECC70067709B /* UIView+AddBackView.m */; };
		5D5BB2212084F3B30067709B /* UIAlertController+Set.m in Sources */ = {isa = PBXBuildFile; fileRef = 5D5BB2202084F3B30067709B /* UIAlertController+Set.m */; };
		5D5BB2242084F7090067709B /* UIViewController+CurrentViewController.m in Sources */ = {isa = PBXBuildFile; fileRef = 5D5BB2232084F7090067709B /* UIViewController+CurrentViewController.m */; };
		5D5BB2282088E7910067709B /* PersonalInfoViewController.m in Sources */ = {isa = PBXBuildFile; fileRef = 5D5BB2272088E7910067709B /* PersonalInfoViewController.m */; };
		5D5BB22C2088E7E70067709B /* PersonalInfoCell.m in Sources */ = {isa = PBXBuildFile; fileRef = 5D5BB22B2088E7E70067709B /* PersonalInfoCell.m */; };
		5D5BB2302088EEAF0067709B /* ZMMineModel.m in Sources */ = {isa = PBXBuildFile; fileRef = 5D5BB22F2088EEAF0067709B /* ZMMineModel.m */; };
		5D5BB2332088EEE50067709B /* ZMPersonalModel.m in Sources */ = {isa = PBXBuildFile; fileRef = 5D5BB2322088EEE50067709B /* ZMPersonalModel.m */; };
		5D5BB236208AEB1D0067709B /* LLBaseNavViewController.m in Sources */ = {isa = PBXBuildFile; fileRef = 5D5BB235208AEB1D0067709B /* LLBaseNavViewController.m */; };
		5D5BB23B208AF8B90067709B /* ZMCertificationViewController.m in Sources */ = {isa = PBXBuildFile; fileRef = 5D5BB239208AF8B90067709B /* ZMCertificationViewController.m */; };
		5D5BB23C208AF8B90067709B /* ZMCertificationViewController.xib in Resources */ = {isa = PBXBuildFile; fileRef = 5D5BB23A208AF8B90067709B /* ZMCertificationViewController.xib */; };
		5D5BB244208B21F30067709B /* ZMBaseViewController.m in Sources */ = {isa = PBXBuildFile; fileRef = 5D5BB243208B21F30067709B /* ZMBaseViewController.m */; };
		5D5BB248208B8ADA0067709B /* ZMLoginRequest.m in Sources */ = {isa = PBXBuildFile; fileRef = 5D5BB247208B8ADA0067709B /* ZMLoginRequest.m */; };
		5D5BB24B208B8CD50067709B /* ZMRegistRequest.m in Sources */ = {isa = PBXBuildFile; fileRef = 5D5BB24A208B8CD50067709B /* ZMRegistRequest.m */; };
		5D5BB24E208E26930067709B /* ZMVerfiyCodeRequest.m in Sources */ = {isa = PBXBuildFile; fileRef = 5D5BB24D208E26930067709B /* ZMVerfiyCodeRequest.m */; };
		5D5BB252208E2D0F0067709B /* ZMAccount.m in Sources */ = {isa = PBXBuildFile; fileRef = 5D5BB251208E2D0F0067709B /* ZMAccount.m */; };
		5D5BB255208E2D3A0067709B /* ZMAccountManager.m in Sources */ = {isa = PBXBuildFile; fileRef = 5D5BB254208E2D3A0067709B /* ZMAccountManager.m */; };
		5D5BB258208E2FCB0067709B /* ZMForgetPwdRequest.m in Sources */ = {isa = PBXBuildFile; fileRef = 5D5BB257208E2FCB0067709B /* ZMForgetPwdRequest.m */; };
		5D5BB25C208E35590067709B /* ZMRealNameRequest.m in Sources */ = {isa = PBXBuildFile; fileRef = 5D5BB25B208E35590067709B /* ZMRealNameRequest.m */; };
		5D5BB25F208E39400067709B /* ZMUpLoadRequest.m in Sources */ = {isa = PBXBuildFile; fileRef = 5D5BB25E208E39400067709B /* ZMUpLoadRequest.m */; };
		5D5BB26320921A100067709B /* ZMRecFriendViewController.m in Sources */ = {isa = PBXBuildFile; fileRef = 5D5BB26220921A100067709B /* ZMRecFriendViewController.m */; };
		5D5BB26620921AA70067709B /* ZMInputTextField.m in Sources */ = {isa = PBXBuildFile; fileRef = 5D5BB26520921AA70067709B /* ZMInputTextField.m */; };
		5D5C197520A2D5B3005422E5 /* UINavigationBar+Awesome.m in Sources */ = {isa = PBXBuildFile; fileRef = 5D5C197320A2D5B2005422E5 /* UINavigationBar+Awesome.m */; };
		5D5C197D20A2E019005422E5 /* SSSearchBar.m in Sources */ = {isa = PBXBuildFile; fileRef = 5D5C197920A2E019005422E5 /* SSSearchBar.m */; };
		5D5C197E20A2E019005422E5 /* UIImage+Tool.m in Sources */ = {isa = PBXBuildFile; fileRef = 5D5C197A20A2E019005422E5 /* UIImage+Tool.m */; };
		5D5C198120A2E140005422E5 /* ZMSearchButton.m in Sources */ = {isa = PBXBuildFile; fileRef = 5D5C198020A2E140005422E5 /* ZMSearchButton.m */; };
		5D5C198520A2F199005422E5 /* ZspMenu.m in Sources */ = {isa = PBXBuildFile; fileRef = 5D5C198420A2F199005422E5 /* ZspMenu.m */; };
		5D8A46C7209019C000CE2723 /* YTKBaseRequest+ZMAnimatingAccessory.m in Sources */ = {isa = PBXBuildFile; fileRef = 5D8A46C6209019C000CE2723 /* YTKBaseRequest+ZMAnimatingAccessory.m */; };
		5D8A46DA2090298D00CE2723 /* ZMAnimatingRequestAccessory.m in Sources */ = {isa = PBXBuildFile; fileRef = 5D8A46D92090298D00CE2723 /* ZMAnimatingRequestAccessory.m */; };
		5D8A46E22090755B00CE2723 /* NSDictionary+ZMSet.m in Sources */ = {isa = PBXBuildFile; fileRef = 5D8A46E12090755B00CE2723 /* NSDictionary+ZMSet.m */; };
		5D8A46E5209078B300CE2723 /* YPImagePicker.m in Sources */ = {isa = PBXBuildFile; fileRef = 5D8A46E3209078B200CE2723 /* YPImagePicker.m */; };
		5D8A470E20907D5100CE2723 /* UIAlertController+YPKit.m in Sources */ = {isa = PBXBuildFile; fileRef = 5D8A470D20907D5100CE2723 /* UIAlertController+YPKit.m */; };
		5D8A47122090845B00CE2723 /* UINavigationController+FDFullscreenPopGesture.m in Sources */ = {isa = PBXBuildFile; fileRef = 5D8A47112090845A00CE2723 /* UINavigationController+FDFullscreenPopGesture.m */; };
		5D8A47152092B35400CE2723 /* ZMUserEditRequest.m in Sources */ = {isa = PBXBuildFile; fileRef = 5D8A47142092B35400CE2723 /* ZMUserEditRequest.m */; };
		5D8A47182092B78400CE2723 /* ZMGetPromotionRequest.m in Sources */ = {isa = PBXBuildFile; fileRef = 5D8A47172092B78400CE2723 /* ZMGetPromotionRequest.m */; };
		5D8A471B2092B7DD00CE2723 /* ZMRecFriendRequest.m in Sources */ = {isa = PBXBuildFile; fileRef = 5D8A471A2092B7DD00CE2723 /* ZMRecFriendRequest.m */; };
		5D8A471E2092B8BE00CE2723 /* ZMSaveAuthRequest.m in Sources */ = {isa = PBXBuildFile; fileRef = 5D8A471D2092B8BE00CE2723 /* ZMSaveAuthRequest.m */; };
		5D8A47212092B9CD00CE2723 /* ZMGetAuthRequest.m in Sources */ = {isa = PBXBuildFile; fileRef = 5D8A47202092B9CD00CE2723 /* ZMGetAuthRequest.m */; };
		5D8A4729209301E900CE2723 /* ZMFeedbackViewController.m in Sources */ = {isa = PBXBuildFile; fileRef = 5D8A4727209301E900CE2723 /* ZMFeedbackViewController.m */; };
		5D8A472A209301E900CE2723 /* ZMFeedbackViewController.xib in Resources */ = {isa = PBXBuildFile; fileRef = 5D8A4728209301E900CE2723 /* ZMFeedbackViewController.xib */; };
		5D8A472E209306BC00CE2723 /* MGSearchFeedbackCell.xib in Resources */ = {isa = PBXBuildFile; fileRef = 5D8A472B209306BB00CE2723 /* MGSearchFeedbackCell.xib */; };
		5D8A472F209306BC00CE2723 /* MGSearchFeedbackCell.m in Sources */ = {isa = PBXBuildFile; fileRef = 5D8A472D209306BC00CE2723 /* MGSearchFeedbackCell.m */; };
		5D8A4732209408D800CE2723 /* UITextView+MGPlaceholder.m in Sources */ = {isa = PBXBuildFile; fileRef = 5D8A4731209408D700CE2723 /* UITextView+MGPlaceholder.m */; };
		5D8A4736209419FB00CE2723 /* ZMPickPhotoCollectionView.m in Sources */ = {isa = PBXBuildFile; fileRef = 5D8A4735209419FB00CE2723 /* ZMPickPhotoCollectionView.m */; };
		5DC5CBAD20784FA700F3C0D6 /* AppDelegate.m in Sources */ = {isa = PBXBuildFile; fileRef = 5DC5CBAC20784FA700F3C0D6 /* AppDelegate.m */; };
		5DC5CBB520784FA700F3C0D6 /* Assets.xcassets in Resources */ = {isa = PBXBuildFile; fileRef = 5DC5CBB420784FA700F3C0D6 /* Assets.xcassets */; };
		5DC5CBB820784FA700F3C0D6 /* LaunchScreen.storyboard in Resources */ = {isa = PBXBuildFile; fileRef = 5DC5CBB620784FA700F3C0D6 /* LaunchScreen.storyboard */; };
		5DC5CBBB20784FA700F3C0D6 /* main.m in Sources */ = {isa = PBXBuildFile; fileRef = 5DC5CBBA20784FA700F3C0D6 /* main.m */; };
		5DC5CBDB2078523000F3C0D6 /* LLHomeViewController.m in Sources */ = {isa = PBXBuildFile; fileRef = 5DC5CBC32078523000F3C0D6 /* LLHomeViewController.m */; };
		5DC5CBDC2078523000F3C0D6 /* LLHomeViewController.xib in Resources */ = {isa = PBXBuildFile; fileRef = 5DC5CBC52078523000F3C0D6 /* LLHomeViewController.xib */; };
		5DC5CBDD2078523000F3C0D6 /* ZMMemberViewController.m in Sources */ = {isa = PBXBuildFile; fileRef = 5DC5CBC72078523000F3C0D6 /* ZMMemberViewController.m */; };
		5DC5CBDF2078523000F3C0D6 /* ZMCourseViewController.m in Sources */ = {isa = PBXBuildFile; fileRef = 5DC5CBCB2078523000F3C0D6 /* ZMCourseViewController.m */; };
		5DC5CBE12078523000F3C0D6 /* LLMineViewController.xib in Resources */ = {isa = PBXBuildFile; fileRef = 5DC5CBD02078523000F3C0D6 /* LLMineViewController.xib */; };
		5DC5CBE22078523000F3C0D6 /* LLMineViewController.m in Sources */ = {isa = PBXBuildFile; fileRef = 5DC5CBD12078523000F3C0D6 /* LLMineViewController.m */; };
		5DC5CBE32078523000F3C0D6 /* LLBaseViewController.m in Sources */ = {isa = PBXBuildFile; fileRef = 5DC5CBD32078523000F3C0D6 /* LLBaseViewController.m */; };
		5DC5CBE42078523000F3C0D6 /* LLTabBarItem.m in Sources */ = {isa = PBXBuildFile; fileRef = 5DC5CBD92078523000F3C0D6 /* LLTabBarItem.m */; };
		5DC5CBE52078523000F3C0D6 /* LLTabBar.m in Sources */ = {isa = PBXBuildFile; fileRef = 5DC5CBDA2078523000F3C0D6 /* LLTabBar.m */; };
		5DC5CBEB2078752800F3C0D6 /* LoginViewController.m in Sources */ = {isa = PBXBuildFile; fileRef = 5DC5CBE92078752800F3C0D6 /* LoginViewController.m */; };
		5DC5CBEC2078752800F3C0D6 /* LoginViewController.xib in Resources */ = {isa = PBXBuildFile; fileRef = 5DC5CBEA2078752800F3C0D6 /* LoginViewController.xib */; };
		5DDCBE16208F0FA900B012B0 /* FishUITests.m in Sources */ = {isa = PBXBuildFile; fileRef = 5DDCBE15208F0FA900B012B0 /* FishUITests.m */; };
		5DDCBE1E208F105600B012B0 /* ZMNetworkRequestTestCase.m in Sources */ = {isa = PBXBuildFile; fileRef = 5DDCBE1D208F105600B012B0 /* ZMNetworkRequestTestCase.m */; };
		5DDCBE21208F1AA400B012B0 /* ZMTestModel.m in Sources */ = {isa = PBXBuildFile; fileRef = 5DDCBE20208F1AA400B012B0 /* ZMTestModel.m */; };
		D299471F8F727A23C67FD4F8 /* libPods-Fish.a in Frameworks */ = {isa = PBXBuildFile; fileRef = 6D3F3E2A8D4D43225781DFE1 /* libPods-Fish.a */; };
/* End PBXBuildFile section */

/* Begin PBXContainerItemProxy section */
		5DDCBE18208F0FA900B012B0 /* PBXContainerItemProxy */ = {
			isa = PBXContainerItemProxy;
			containerPortal = 5DC5CBA020784FA600F3C0D6 /* Project object */;
			proxyType = 1;
			remoteGlobalIDString = 5DC5CBA720784FA600F3C0D6;
			remoteInfo = Fish;
		};
/* End PBXContainerItemProxy section */

/* Begin PBXFileReference section */
		484F65B6951CFF90B1D21650 /* Pods-Fish.debug.xcconfig */ = {isa = PBXFileReference; includeInIndex = 1; lastKnownFileType = text.xcconfig; name = "Pods-Fish.debug.xcconfig"; path = "Pods/Target Support Files/Pods-Fish/Pods-Fish.debug.xcconfig"; sourceTree = "<group>"; };
		5D2F7C9C2096A66D007B3812 /* UIViewController+BackButtonHandler.h */ = {isa = PBXFileReference; fileEncoding = 4; lastKnownFileType = sourcecode.c.h; path = "UIViewController+BackButtonHandler.h"; sourceTree = "<group>"; };
		5D2F7C9D2096A66D007B3812 /* UIViewController+BackButtonHandler.m */ = {isa = PBXFileReference; fileEncoding = 4; lastKnownFileType = sourcecode.c.objc; path = "UIViewController+BackButtonHandler.m"; sourceTree = "<group>"; };
		5D2F7CA6209C3058007B3812 /* ZMHomeBodyBuildingKnowledageCell.h */ = {isa = PBXFileReference; lastKnownFileType = sourcecode.c.h; path = ZMHomeBodyBuildingKnowledageCell.h; sourceTree = "<group>"; };
		5D2F7CA7209C3058007B3812 /* ZMHomeBodyBuildingKnowledageCell.m */ = {isa = PBXFileReference; lastKnownFileType = sourcecode.c.objc; path = ZMHomeBodyBuildingKnowledageCell.m; sourceTree = "<group>"; };
		5D2F7CA8209C3058007B3812 /* ZMHomeBodyBuildingKnowledageCell.xib */ = {isa = PBXFileReference; lastKnownFileType = file.xib; path = ZMHomeBodyBuildingKnowledageCell.xib; sourceTree = "<group>"; };
		5D2F7CAB209C3079007B3812 /* ZMExerciseResultCell.h */ = {isa = PBXFileReference; lastKnownFileType = sourcecode.c.h; path = ZMExerciseResultCell.h; sourceTree = "<group>"; };
		5D2F7CAC209C3079007B3812 /* ZMExerciseResultCell.m */ = {isa = PBXFileReference; lastKnownFileType = sourcecode.c.objc; path = ZMExerciseResultCell.m; sourceTree = "<group>"; };
		5D2F7CAD209C3079007B3812 /* ZMExerciseResultCell.xib */ = {isa = PBXFileReference; lastKnownFileType = file.xib; path = ZMExerciseResultCell.xib; sourceTree = "<group>"; };
		5D2F7CB0209C30C3007B3812 /* ZMMemberResultItemCell.h */ = {isa = PBXFileReference; lastKnownFileType = sourcecode.c.h; path = ZMMemberResultItemCell.h; sourceTree = "<group>"; };
		5D2F7CB1209C30C3007B3812 /* ZMMemberResultItemCell.m */ = {isa = PBXFileReference; lastKnownFileType = sourcecode.c.objc; path = ZMMemberResultItemCell.m; sourceTree = "<group>"; };
		5D2F7CB2209C30C3007B3812 /* ZMMemberResultItemCell.xib */ = {isa = PBXFileReference; lastKnownFileType = file.xib; path = ZMMemberResultItemCell.xib; sourceTree = "<group>"; };
		5D2F7CB5209C30DF007B3812 /* ZMMemberResultCell.h */ = {isa = PBXFileReference; lastKnownFileType = sourcecode.c.h; path = ZMMemberResultCell.h; sourceTree = "<group>"; };
		5D2F7CB6209C30DF007B3812 /* ZMMemberResultCell.m */ = {isa = PBXFileReference; lastKnownFileType = sourcecode.c.objc; path = ZMMemberResultCell.m; sourceTree = "<group>"; };
		5D2F7CBA209D6FE4007B3812 /* ZMHomeSectionView.h */ = {isa = PBXFileReference; lastKnownFileType = sourcecode.c.h; path = ZMHomeSectionView.h; sourceTree = "<group>"; };
		5D2F7CBB209D6FE4007B3812 /* ZMHomeSectionView.m */ = {isa = PBXFileReference; lastKnownFileType = sourcecode.c.objc; path = ZMHomeSectionView.m; sourceTree = "<group>"; };
		5D2F7CBE209D7CDE007B3812 /* ZMPreferentialActivityController.h */ = {isa = PBXFileReference; lastKnownFileType = sourcecode.c.h; path = ZMPreferentialActivityController.h; sourceTree = "<group>"; };
		5D2F7CBF209D7CDE007B3812 /* ZMPreferentialActivityController.m */ = {isa = PBXFileReference; lastKnownFileType = sourcecode.c.objc; path = ZMPreferentialActivityController.m; sourceTree = "<group>"; };
		5D2F7CC2209D7E91007B3812 /* ZMMarketTableViewController.h */ = {isa = PBXFileReference; lastKnownFileType = sourcecode.c.h; path = ZMMarketTableViewController.h; sourceTree = "<group>"; };
		5D2F7CC3209D7E91007B3812 /* ZMMarketTableViewController.m */ = {isa = PBXFileReference; lastKnownFileType = sourcecode.c.objc; path = ZMMarketTableViewController.m; sourceTree = "<group>"; };
		5D2F7CDE209D845A007B3812 /* ZMNearMemberViewController.h */ = {isa = PBXFileReference; lastKnownFileType = sourcecode.c.h; path = ZMNearMemberViewController.h; sourceTree = "<group>"; };
		5D2F7CDF209D845A007B3812 /* ZMNearMemberViewController.m */ = {isa = PBXFileReference; lastKnownFileType = sourcecode.c.objc; path = ZMNearMemberViewController.m; sourceTree = "<group>"; };
		5D2F7CE2209D8556007B3812 /* ZMNearMememberCell.h */ = {isa = PBXFileReference; lastKnownFileType = sourcecode.c.h; path = ZMNearMememberCell.h; sourceTree = "<group>"; };
		5D2F7CE3209D8556007B3812 /* ZMNearMememberCell.m */ = {isa = PBXFileReference; lastKnownFileType = sourcecode.c.objc; path = ZMNearMememberCell.m; sourceTree = "<group>"; };
		5D2F7CE4209D8556007B3812 /* ZMNearMememberCell.xib */ = {isa = PBXFileReference; lastKnownFileType = file.xib; path = ZMNearMememberCell.xib; sourceTree = "<group>"; };
		5D2F7CEC209D9411007B3812 /* YPTabItem.h */ = {isa = PBXFileReference; fileEncoding = 4; lastKnownFileType = sourcecode.c.h; path = YPTabItem.h; sourceTree = "<group>"; };
		5D2F7CED209D9411007B3812 /* UIScrollView+YPTabBarController.h */ = {isa = PBXFileReference; fileEncoding = 4; lastKnownFileType = sourcecode.c.h; path = "UIScrollView+YPTabBarController.h"; sourceTree = "<group>"; };
		5D2F7CEE209D9411007B3812 /* YPTabBar.h */ = {isa = PBXFileReference; fileEncoding = 4; lastKnownFileType = sourcecode.c.h; path = YPTabBar.h; sourceTree = "<group>"; };
		5D2F7CEF209D9411007B3812 /* YPTabBarController.h */ = {isa = PBXFileReference; fileEncoding = 4; lastKnownFileType = sourcecode.c.h; path = YPTabBarController.h; sourceTree = "<group>"; };
		5D2F7CF0209D9411007B3812 /* UIViewController+YPTabBarController.h */ = {isa = PBXFileReference; fileEncoding = 4; lastKnownFileType = sourcecode.c.h; path = "UIViewController+YPTabBarController.h"; sourceTree = "<group>"; };
		5D2F7CF1209D9411007B3812 /* YPTabItem.m */ = {isa = PBXFileReference; fileEncoding = 4; lastKnownFileType = sourcecode.c.objc; path = YPTabItem.m; sourceTree = "<group>"; };
		5D2F7CF2209D9411007B3812 /* UIScrollView+YPTabBarController.m */ = {isa = PBXFileReference; fileEncoding = 4; lastKnownFileType = sourcecode.c.objc; path = "UIScrollView+YPTabBarController.m"; sourceTree = "<group>"; };
		5D2F7CF3209D9411007B3812 /* YPTabBarController.m */ = {isa = PBXFileReference; fileEncoding = 4; lastKnownFileType = sourcecode.c.objc; path = YPTabBarController.m; sourceTree = "<group>"; };
		5D2F7CF4209D9411007B3812 /* YPTabBar.m */ = {isa = PBXFileReference; fileEncoding = 4; lastKnownFileType = sourcecode.c.objc; path = YPTabBar.m; sourceTree = "<group>"; };
		5D2F7CF5209D9411007B3812 /* UIViewController+YPTabBarController.m */ = {isa = PBXFileReference; fileEncoding = 4; lastKnownFileType = sourcecode.c.objc; path = "UIViewController+YPTabBarController.m"; sourceTree = "<group>"; };
		5D2F7CFB209D9482007B3812 /* ZMMessageViewController.h */ = {isa = PBXFileReference; lastKnownFileType = sourcecode.c.h; path = ZMMessageViewController.h; sourceTree = "<group>"; };
		5D2F7CFC209D9482007B3812 /* ZMMessageViewController.m */ = {isa = PBXFileReference; lastKnownFileType = sourcecode.c.objc; path = ZMMessageViewController.m; sourceTree = "<group>"; };
		5D2F7D01209D9503007B3812 /* ZMMessageListController.h */ = {isa = PBXFileReference; lastKnownFileType = sourcecode.c.h; path = ZMMessageListController.h; sourceTree = "<group>"; };
		5D2F7D02209D9503007B3812 /* ZMMessageListController.m */ = {isa = PBXFileReference; lastKnownFileType = sourcecode.c.objc; path = ZMMessageListController.m; sourceTree = "<group>"; };
		5D2F7D04209E9034007B3812 /* UIButton+YPKit.h */ = {isa = PBXFileReference; fileEncoding = 4; lastKnownFileType = sourcecode.c.h; path = "UIButton+YPKit.h"; sourceTree = "<group>"; };
		5D2F7D05209E9035007B3812 /* UIButton+YPKit.m */ = {isa = PBXFileReference; fileEncoding = 4; lastKnownFileType = sourcecode.c.objc; path = "UIButton+YPKit.m"; sourceTree = "<group>"; };
		5D2F7D07209E91EA007B3812 /* NSString+YPKit.h */ = {isa = PBXFileReference; lastKnownFileType = sourcecode.c.h; path = "NSString+YPKit.h"; sourceTree = "<group>"; };
		5D2F7D08209E91EA007B3812 /* NSString+YPKit.m */ = {isa = PBXFileReference; lastKnownFileType = sourcecode.c.objc; path = "NSString+YPKit.m"; sourceTree = "<group>"; };
		5D2F7D0A209E976C007B3812 /* ZMMemberListController.h */ = {isa = PBXFileReference; lastKnownFileType = sourcecode.c.h; path = ZMMemberListController.h; sourceTree = "<group>"; };
		5D2F7D0B209E976C007B3812 /* ZMMemberListController.m */ = {isa = PBXFileReference; lastKnownFileType = sourcecode.c.objc; path = ZMMemberListController.m; sourceTree = "<group>"; };
		5D2F7D0E209E9E31007B3812 /* ZMSearchButton.xib */ = {isa = PBXFileReference; lastKnownFileType = file.xib; path = ZMSearchButton.xib; sourceTree = "<group>"; };
		5D2F7D10209EA3EC007B3812 /* ZMCourseListViewController.h */ = {isa = PBXFileReference; lastKnownFileType = sourcecode.c.h; path = ZMCourseListViewController.h; sourceTree = "<group>"; };
		5D2F7D11209EA3EC007B3812 /* ZMCourseListViewController.m */ = {isa = PBXFileReference; lastKnownFileType = sourcecode.c.objc; path = ZMCourseListViewController.m; sourceTree = "<group>"; };
		5D343F76207BB62E006F8616 /* UIColor+Hex.h */ = {isa = PBXFileReference; lastKnownFileType = sourcecode.c.h; path = "UIColor+Hex.h"; sourceTree = "<group>"; };
		5D343F77207BB62E006F8616 /* UIColor+Hex.m */ = {isa = PBXFileReference; lastKnownFileType = sourcecode.c.objc; path = "UIColor+Hex.m"; sourceTree = "<group>"; };
		5D343F7A207BB93F006F8616 /* RegisterViewController.h */ = {isa = PBXFileReference; lastKnownFileType = sourcecode.c.h; path = RegisterViewController.h; sourceTree = "<group>"; };
		5D343F7B207BB93F006F8616 /* RegisterViewController.m */ = {isa = PBXFileReference; lastKnownFileType = sourcecode.c.objc; path = RegisterViewController.m; sourceTree = "<group>"; };
		5D343F7C207BB93F006F8616 /* RegisterViewController.xib */ = {isa = PBXFileReference; lastKnownFileType = file.xib; path = RegisterViewController.xib; sourceTree = "<group>"; };
		5D343F80207BC21F006F8616 /* ForgetPasswordViewController.h */ = {isa = PBXFileReference; fileEncoding = 4; lastKnownFileType = sourcecode.c.h; path = ForgetPasswordViewController.h; sourceTree = "<group>"; };
		5D343F81207BC21F006F8616 /* ForgetPasswordViewController.xib */ = {isa = PBXFileReference; fileEncoding = 4; lastKnownFileType = file.xib; path = ForgetPasswordViewController.xib; sourceTree = "<group>"; };
		5D343F82207BC21F006F8616 /* ForgetPasswordViewController.m */ = {isa = PBXFileReference; fileEncoding = 4; lastKnownFileType = sourcecode.c.objc; path = ForgetPasswordViewController.m; sourceTree = "<group>"; };
		5D343F86207BC345006F8616 /* ChooseRoleViewController.h */ = {isa = PBXFileReference; lastKnownFileType = sourcecode.c.h; path = ChooseRoleViewController.h; sourceTree = "<group>"; };
		5D343F87207BC345006F8616 /* ChooseRoleViewController.m */ = {isa = PBXFileReference; lastKnownFileType = sourcecode.c.objc; path = ChooseRoleViewController.m; sourceTree = "<group>"; };
		5D343F88207BC345006F8616 /* ChooseRoleViewController.xib */ = {isa = PBXFileReference; lastKnownFileType = file.xib; path = ChooseRoleViewController.xib; sourceTree = "<group>"; };
		5D3BC34220A09CE300510004 /* ZMExerciseMaximViewController.m */ = {isa = PBXFileReference; fileEncoding = 4; lastKnownFileType = sourcecode.c.objc; path = ZMExerciseMaximViewController.m; sourceTree = "<group>"; };
		5D3BC34320A09CE300510004 /* ZMGoodAtFieldViewController.m */ = {isa = PBXFileReference; fileEncoding = 4; lastKnownFileType = sourcecode.c.objc; path = ZMGoodAtFieldViewController.m; sourceTree = "<group>"; };
		5D3BC34420A09CE300510004 /* TeachQAViewController.m */ = {isa = PBXFileReference; fileEncoding = 4; lastKnownFileType = sourcecode.c.objc; path = TeachQAViewController.m; sourceTree = "<group>"; };
		5D3BC34520A09CE300510004 /* ZMExerciseMaximViewController.xib */ = {isa = PBXFileReference; fileEncoding = 4; lastKnownFileType = file.xib; path = ZMExerciseMaximViewController.xib; sourceTree = "<group>"; };
		5D3BC34720A09CE300510004 /* ZMFieldModel.m */ = {isa = PBXFileReference; fileEncoding = 4; lastKnownFileType = sourcecode.c.objc; path = ZMFieldModel.m; sourceTree = "<group>"; };
		5D3BC34820A09CE300510004 /* ZMFieldModel.h */ = {isa = PBXFileReference; fileEncoding = 4; lastKnownFileType = sourcecode.c.h; path = ZMFieldModel.h; sourceTree = "<group>"; };
		5D3BC34A20A09CE300510004 /* ZMFieldCollectionViewCell.xib */ = {isa = PBXFileReference; fileEncoding = 4; lastKnownFileType = file.xib; path = ZMFieldCollectionViewCell.xib; sourceTree = "<group>"; };
		5D3BC34B20A09CE300510004 /* ZMFieldCollectionViewCell.m */ = {isa = PBXFileReference; fileEncoding = 4; lastKnownFileType = sourcecode.c.objc; path = ZMFieldCollectionViewCell.m; sourceTree = "<group>"; };
		5D3BC34C20A09CE300510004 /* ZMFieldCollectionViewCell.h */ = {isa = PBXFileReference; fileEncoding = 4; lastKnownFileType = sourcecode.c.h; path = ZMFieldCollectionViewCell.h; sourceTree = "<group>"; };
		5D3BC34D20A09CE300510004 /* TeachQAViewController.h */ = {isa = PBXFileReference; fileEncoding = 4; lastKnownFileType = sourcecode.c.h; path = TeachQAViewController.h; sourceTree = "<group>"; };
		5D3BC34E20A09CE300510004 /* ZMGoodAtFieldViewController.h */ = {isa = PBXFileReference; fileEncoding = 4; lastKnownFileType = sourcecode.c.h; path = ZMGoodAtFieldViewController.h; sourceTree = "<group>"; };
		5D3BC34F20A09CE300510004 /* ZMExerciseMaximViewController.h */ = {isa = PBXFileReference; fileEncoding = 4; lastKnownFileType = sourcecode.c.h; path = ZMExerciseMaximViewController.h; sourceTree = "<group>"; };
		5D5BB2192084EC980067709B /* LoginTopView.h */ = {isa = PBXFileReference; lastKnownFileType = sourcecode.c.h; path = LoginTopView.h; sourceTree = "<group>"; };
		5D5BB21A2084EC980067709B /* LoginTopView.m */ = {isa = PBXFileReference; lastKnownFileType = sourcecode.c.objc; path = LoginTopView.m; sourceTree = "<group>"; };
		5D5BB21C2084ECC70067709B /* UIView+AddBackView.h */ = {isa = PBXFileReference; lastKnownFileType = sourcecode.c.h; path = "UIView+AddBackView.h"; sourceTree = "<group>"; };
		5D5BB21D2084ECC70067709B /* UIView+AddBackView.m */ = {isa = PBXFileReference; lastKnownFileType = sourcecode.c.objc; path = "UIView+AddBackView.m"; sourceTree = "<group>"; };
		5D5BB21F2084F3B30067709B /* UIAlertController+Set.h */ = {isa = PBXFileReference; lastKnownFileType = sourcecode.c.h; path = "UIAlertController+Set.h"; sourceTree = "<group>"; };
		5D5BB2202084F3B30067709B /* UIAlertController+Set.m */ = {isa = PBXFileReference; lastKnownFileType = sourcecode.c.objc; path = "UIAlertController+Set.m"; sourceTree = "<group>"; };
		5D5BB2222084F7090067709B /* UIViewController+CurrentViewController.h */ = {isa = PBXFileReference; lastKnownFileType = sourcecode.c.h; path = "UIViewController+CurrentViewController.h"; sourceTree = "<group>"; };
		5D5BB2232084F7090067709B /* UIViewController+CurrentViewController.m */ = {isa = PBXFileReference; lastKnownFileType = sourcecode.c.objc; path = "UIViewController+CurrentViewController.m"; sourceTree = "<group>"; };
		5D5BB2262088E7910067709B /* PersonalInfoViewController.h */ = {isa = PBXFileReference; lastKnownFileType = sourcecode.c.h; path = PersonalInfoViewController.h; sourceTree = "<group>"; };
		5D5BB2272088E7910067709B /* PersonalInfoViewController.m */ = {isa = PBXFileReference; lastKnownFileType = sourcecode.c.objc; path = PersonalInfoViewController.m; sourceTree = "<group>"; };
		5D5BB22A2088E7E70067709B /* PersonalInfoCell.h */ = {isa = PBXFileReference; lastKnownFileType = sourcecode.c.h; path = PersonalInfoCell.h; sourceTree = "<group>"; };
		5D5BB22B2088E7E70067709B /* PersonalInfoCell.m */ = {isa = PBXFileReference; lastKnownFileType = sourcecode.c.objc; path = PersonalInfoCell.m; sourceTree = "<group>"; };
		5D5BB22E2088EEAF0067709B /* ZMMineModel.h */ = {isa = PBXFileReference; lastKnownFileType = sourcecode.c.h; path = ZMMineModel.h; sourceTree = "<group>"; };
		5D5BB22F2088EEAF0067709B /* ZMMineModel.m */ = {isa = PBXFileReference; lastKnownFileType = sourcecode.c.objc; path = ZMMineModel.m; sourceTree = "<group>"; };
		5D5BB2312088EEE50067709B /* ZMPersonalModel.h */ = {isa = PBXFileReference; lastKnownFileType = sourcecode.c.h; path = ZMPersonalModel.h; sourceTree = "<group>"; };
		5D5BB2322088EEE50067709B /* ZMPersonalModel.m */ = {isa = PBXFileReference; lastKnownFileType = sourcecode.c.objc; path = ZMPersonalModel.m; sourceTree = "<group>"; };
		5D5BB234208AEB1D0067709B /* LLBaseNavViewController.h */ = {isa = PBXFileReference; lastKnownFileType = sourcecode.c.h; path = LLBaseNavViewController.h; sourceTree = "<group>"; };
		5D5BB235208AEB1D0067709B /* LLBaseNavViewController.m */ = {isa = PBXFileReference; lastKnownFileType = sourcecode.c.objc; path = LLBaseNavViewController.m; sourceTree = "<group>"; };
		5D5BB238208AF8B90067709B /* ZMCertificationViewController.h */ = {isa = PBXFileReference; lastKnownFileType = sourcecode.c.h; path = ZMCertificationViewController.h; sourceTree = "<group>"; };
		5D5BB239208AF8B90067709B /* ZMCertificationViewController.m */ = {isa = PBXFileReference; lastKnownFileType = sourcecode.c.objc; path = ZMCertificationViewController.m; sourceTree = "<group>"; };
		5D5BB23A208AF8B90067709B /* ZMCertificationViewController.xib */ = {isa = PBXFileReference; lastKnownFileType = file.xib; path = ZMCertificationViewController.xib; sourceTree = "<group>"; };
		5D5BB241208B189A0067709B /* ZMMineDefine.h */ = {isa = PBXFileReference; lastKnownFileType = sourcecode.c.h; path = ZMMineDefine.h; sourceTree = "<group>"; };
		5D5BB242208B21F30067709B /* ZMBaseViewController.h */ = {isa = PBXFileReference; lastKnownFileType = sourcecode.c.h; path = ZMBaseViewController.h; sourceTree = "<group>"; };
		5D5BB243208B21F30067709B /* ZMBaseViewController.m */ = {isa = PBXFileReference; lastKnownFileType = sourcecode.c.objc; path = ZMBaseViewController.m; sourceTree = "<group>"; };
		5D5BB246208B8ADA0067709B /* ZMLoginRequest.h */ = {isa = PBXFileReference; lastKnownFileType = sourcecode.c.h; path = ZMLoginRequest.h; sourceTree = "<group>"; };
		5D5BB247208B8ADA0067709B /* ZMLoginRequest.m */ = {isa = PBXFileReference; lastKnownFileType = sourcecode.c.objc; path = ZMLoginRequest.m; sourceTree = "<group>"; };
		5D5BB249208B8CD50067709B /* ZMRegistRequest.h */ = {isa = PBXFileReference; lastKnownFileType = sourcecode.c.h; path = ZMRegistRequest.h; sourceTree = "<group>"; };
		5D5BB24A208B8CD50067709B /* ZMRegistRequest.m */ = {isa = PBXFileReference; lastKnownFileType = sourcecode.c.objc; path = ZMRegistRequest.m; sourceTree = "<group>"; };
		5D5BB24C208E26930067709B /* ZMVerfiyCodeRequest.h */ = {isa = PBXFileReference; lastKnownFileType = sourcecode.c.h; path = ZMVerfiyCodeRequest.h; sourceTree = "<group>"; };
		5D5BB24D208E26930067709B /* ZMVerfiyCodeRequest.m */ = {isa = PBXFileReference; lastKnownFileType = sourcecode.c.objc; path = ZMVerfiyCodeRequest.m; sourceTree = "<group>"; };
		5D5BB250208E2D0F0067709B /* ZMAccount.h */ = {isa = PBXFileReference; lastKnownFileType = sourcecode.c.h; path = ZMAccount.h; sourceTree = "<group>"; };
		5D5BB251208E2D0F0067709B /* ZMAccount.m */ = {isa = PBXFileReference; lastKnownFileType = sourcecode.c.objc; path = ZMAccount.m; sourceTree = "<group>"; };
		5D5BB253208E2D3A0067709B /* ZMAccountManager.h */ = {isa = PBXFileReference; lastKnownFileType = sourcecode.c.h; path = ZMAccountManager.h; sourceTree = "<group>"; };
		5D5BB254208E2D3A0067709B /* ZMAccountManager.m */ = {isa = PBXFileReference; lastKnownFileType = sourcecode.c.objc; path = ZMAccountManager.m; sourceTree = "<group>"; };
		5D5BB256208E2FCB0067709B /* ZMForgetPwdRequest.h */ = {isa = PBXFileReference; lastKnownFileType = sourcecode.c.h; path = ZMForgetPwdRequest.h; sourceTree = "<group>"; };
		5D5BB257208E2FCB0067709B /* ZMForgetPwdRequest.m */ = {isa = PBXFileReference; lastKnownFileType = sourcecode.c.objc; path = ZMForgetPwdRequest.m; sourceTree = "<group>"; };
		5D5BB25A208E35590067709B /* ZMRealNameRequest.h */ = {isa = PBXFileReference; lastKnownFileType = sourcecode.c.h; path = ZMRealNameRequest.h; sourceTree = "<group>"; };
		5D5BB25B208E35590067709B /* ZMRealNameRequest.m */ = {isa = PBXFileReference; lastKnownFileType = sourcecode.c.objc; path = ZMRealNameRequest.m; sourceTree = "<group>"; };
		5D5BB25D208E39400067709B /* ZMUpLoadRequest.h */ = {isa = PBXFileReference; lastKnownFileType = sourcecode.c.h; path = ZMUpLoadRequest.h; sourceTree = "<group>"; };
		5D5BB25E208E39400067709B /* ZMUpLoadRequest.m */ = {isa = PBXFileReference; lastKnownFileType = sourcecode.c.objc; path = ZMUpLoadRequest.m; sourceTree = "<group>"; };
		5D5BB26120921A100067709B /* ZMRecFriendViewController.h */ = {isa = PBXFileReference; lastKnownFileType = sourcecode.c.h; path = ZMRecFriendViewController.h; sourceTree = "<group>"; };
		5D5BB26220921A100067709B /* ZMRecFriendViewController.m */ = {isa = PBXFileReference; lastKnownFileType = sourcecode.c.objc; path = ZMRecFriendViewController.m; sourceTree = "<group>"; };
		5D5BB26420921AA70067709B /* ZMInputTextField.h */ = {isa = PBXFileReference; lastKnownFileType = sourcecode.c.h; path = ZMInputTextField.h; sourceTree = "<group>"; };
		5D5BB26520921AA70067709B /* ZMInputTextField.m */ = {isa = PBXFileReference; lastKnownFileType = sourcecode.c.objc; path = ZMInputTextField.m; sourceTree = "<group>"; };
		5D5C197320A2D5B2005422E5 /* UINavigationBar+Awesome.m */ = {isa = PBXFileReference; fileEncoding = 4; lastKnownFileType = sourcecode.c.objc; path = "UINavigationBar+Awesome.m"; sourceTree = "<group>"; };
		5D5C197420A2D5B2005422E5 /* UINavigationBar+Awesome.h */ = {isa = PBXFileReference; fileEncoding = 4; lastKnownFileType = sourcecode.c.h; path = "UINavigationBar+Awesome.h"; sourceTree = "<group>"; };
		5D5C197920A2E019005422E5 /* SSSearchBar.m */ = {isa = PBXFileReference; fileEncoding = 4; lastKnownFileType = sourcecode.c.objc; path = SSSearchBar.m; sourceTree = "<group>"; };
		5D5C197A20A2E019005422E5 /* UIImage+Tool.m */ = {isa = PBXFileReference; fileEncoding = 4; lastKnownFileType = sourcecode.c.objc; path = "UIImage+Tool.m"; sourceTree = "<group>"; };
		5D5C197B20A2E019005422E5 /* SSSearchBar.h */ = {isa = PBXFileReference; fileEncoding = 4; lastKnownFileType = sourcecode.c.h; path = SSSearchBar.h; sourceTree = "<group>"; };
		5D5C197C20A2E019005422E5 /* UIImage+Tool.h */ = {isa = PBXFileReference; fileEncoding = 4; lastKnownFileType = sourcecode.c.h; path = "UIImage+Tool.h"; sourceTree = "<group>"; };
		5D5C197F20A2E140005422E5 /* ZMSearchButton.h */ = {isa = PBXFileReference; lastKnownFileType = sourcecode.c.h; path = ZMSearchButton.h; sourceTree = "<group>"; };
		5D5C198020A2E140005422E5 /* ZMSearchButton.m */ = {isa = PBXFileReference; lastKnownFileType = sourcecode.c.objc; path = ZMSearchButton.m; sourceTree = "<group>"; };
		5D5C198320A2F199005422E5 /* ZspMenu.h */ = {isa = PBXFileReference; fileEncoding = 4; lastKnownFileType = sourcecode.c.h; path = ZspMenu.h; sourceTree = "<group>"; };
		5D5C198420A2F199005422E5 /* ZspMenu.m */ = {isa = PBXFileReference; fileEncoding = 4; lastKnownFileType = sourcecode.c.objc; path = ZspMenu.m; sourceTree = "<group>"; };
		5D8A46C5209019C000CE2723 /* YTKBaseRequest+ZMAnimatingAccessory.h */ = {isa = PBXFileReference; lastKnownFileType = sourcecode.c.h; path = "YTKBaseRequest+ZMAnimatingAccessory.h"; sourceTree = "<group>"; };
		5D8A46C6209019C000CE2723 /* YTKBaseRequest+ZMAnimatingAccessory.m */ = {isa = PBXFileReference; lastKnownFileType = sourcecode.c.objc; path = "YTKBaseRequest+ZMAnimatingAccessory.m"; sourceTree = "<group>"; };
		5D8A46D82090298D00CE2723 /* ZMAnimatingRequestAccessory.h */ = {isa = PBXFileReference; lastKnownFileType = sourcecode.c.h; path = ZMAnimatingRequestAccessory.h; sourceTree = "<group>"; };
		5D8A46D92090298D00CE2723 /* ZMAnimatingRequestAccessory.m */ = {isa = PBXFileReference; lastKnownFileType = sourcecode.c.objc; path = ZMAnimatingRequestAccessory.m; sourceTree = "<group>"; };
		5D8A46DF2090698C00CE2723 /* ZMConfig.h */ = {isa = PBXFileReference; lastKnownFileType = sourcecode.c.h; path = ZMConfig.h; sourceTree = "<group>"; };
		5D8A46E02090755B00CE2723 /* NSDictionary+ZMSet.h */ = {isa = PBXFileReference; lastKnownFileType = sourcecode.c.h; path = "NSDictionary+ZMSet.h"; sourceTree = "<group>"; };
		5D8A46E12090755B00CE2723 /* NSDictionary+ZMSet.m */ = {isa = PBXFileReference; lastKnownFileType = sourcecode.c.objc; path = "NSDictionary+ZMSet.m"; sourceTree = "<group>"; };
		5D8A46E3209078B200CE2723 /* YPImagePicker.m */ = {isa = PBXFileReference; fileEncoding = 4; lastKnownFileType = sourcecode.c.objc; path = YPImagePicker.m; sourceTree = "<group>"; };
		5D8A46E4209078B200CE2723 /* YPImagePicker.h */ = {isa = PBXFileReference; fileEncoding = 4; lastKnownFileType = sourcecode.c.h; path = YPImagePicker.h; sourceTree = "<group>"; };
		5D8A470C20907D5100CE2723 /* UIAlertController+YPKit.h */ = {isa = PBXFileReference; fileEncoding = 4; lastKnownFileType = sourcecode.c.h; path = "UIAlertController+YPKit.h"; sourceTree = "<group>"; };
		5D8A470D20907D5100CE2723 /* UIAlertController+YPKit.m */ = {isa = PBXFileReference; fileEncoding = 4; lastKnownFileType = sourcecode.c.objc; path = "UIAlertController+YPKit.m"; sourceTree = "<group>"; };
		5D8A47102090845A00CE2723 /* UINavigationController+FDFullscreenPopGesture.h */ = {isa = PBXFileReference; fileEncoding = 4; lastKnownFileType = sourcecode.c.h; path = "UINavigationController+FDFullscreenPopGesture.h"; sourceTree = "<group>"; };
		5D8A47112090845A00CE2723 /* UINavigationController+FDFullscreenPopGesture.m */ = {isa = PBXFileReference; fileEncoding = 4; lastKnownFileType = sourcecode.c.objc; path = "UINavigationController+FDFullscreenPopGesture.m"; sourceTree = "<group>"; };
		5D8A47132092B35400CE2723 /* ZMUserEditRequest.h */ = {isa = PBXFileReference; lastKnownFileType = sourcecode.c.h; path = ZMUserEditRequest.h; sourceTree = "<group>"; };
		5D8A47142092B35400CE2723 /* ZMUserEditRequest.m */ = {isa = PBXFileReference; lastKnownFileType = sourcecode.c.objc; path = ZMUserEditRequest.m; sourceTree = "<group>"; };
		5D8A47162092B78400CE2723 /* ZMGetPromotionRequest.h */ = {isa = PBXFileReference; lastKnownFileType = sourcecode.c.h; path = ZMGetPromotionRequest.h; sourceTree = "<group>"; };
		5D8A47172092B78400CE2723 /* ZMGetPromotionRequest.m */ = {isa = PBXFileReference; lastKnownFileType = sourcecode.c.objc; path = ZMGetPromotionRequest.m; sourceTree = "<group>"; };
		5D8A47192092B7DD00CE2723 /* ZMRecFriendRequest.h */ = {isa = PBXFileReference; lastKnownFileType = sourcecode.c.h; path = ZMRecFriendRequest.h; sourceTree = "<group>"; };
		5D8A471A2092B7DD00CE2723 /* ZMRecFriendRequest.m */ = {isa = PBXFileReference; lastKnownFileType = sourcecode.c.objc; path = ZMRecFriendRequest.m; sourceTree = "<group>"; };
		5D8A471C2092B8BE00CE2723 /* ZMSaveAuthRequest.h */ = {isa = PBXFileReference; lastKnownFileType = sourcecode.c.h; path = ZMSaveAuthRequest.h; sourceTree = "<group>"; };
		5D8A471D2092B8BE00CE2723 /* ZMSaveAuthRequest.m */ = {isa = PBXFileReference; lastKnownFileType = sourcecode.c.objc; path = ZMSaveAuthRequest.m; sourceTree = "<group>"; };
		5D8A471F2092B9CD00CE2723 /* ZMGetAuthRequest.h */ = {isa = PBXFileReference; lastKnownFileType = sourcecode.c.h; path = ZMGetAuthRequest.h; sourceTree = "<group>"; };
		5D8A47202092B9CD00CE2723 /* ZMGetAuthRequest.m */ = {isa = PBXFileReference; lastKnownFileType = sourcecode.c.objc; path = ZMGetAuthRequest.m; sourceTree = "<group>"; };
		5D8A4726209301E900CE2723 /* ZMFeedbackViewController.h */ = {isa = PBXFileReference; lastKnownFileType = sourcecode.c.h; path = ZMFeedbackViewController.h; sourceTree = "<group>"; };
		5D8A4727209301E900CE2723 /* ZMFeedbackViewController.m */ = {isa = PBXFileReference; lastKnownFileType = sourcecode.c.objc; path = ZMFeedbackViewController.m; sourceTree = "<group>"; };
		5D8A4728209301E900CE2723 /* ZMFeedbackViewController.xib */ = {isa = PBXFileReference; lastKnownFileType = file.xib; path = ZMFeedbackViewController.xib; sourceTree = "<group>"; };
		5D8A472B209306BB00CE2723 /* MGSearchFeedbackCell.xib */ = {isa = PBXFileReference; fileEncoding = 4; lastKnownFileType = file.xib; path = MGSearchFeedbackCell.xib; sourceTree = "<group>"; };
		5D8A472C209306BC00CE2723 /* MGSearchFeedbackCell.h */ = {isa = PBXFileReference; fileEncoding = 4; lastKnownFileType = sourcecode.c.h; path = MGSearchFeedbackCell.h; sourceTree = "<group>"; };
		5D8A472D209306BC00CE2723 /* MGSearchFeedbackCell.m */ = {isa = PBXFileReference; fileEncoding = 4; lastKnownFileType = sourcecode.c.objc; path = MGSearchFeedbackCell.m; sourceTree = "<group>"; };
		5D8A4730209408D700CE2723 /* UITextView+MGPlaceholder.h */ = {isa = PBXFileReference; fileEncoding = 4; lastKnownFileType = sourcecode.c.h; path = "UITextView+MGPlaceholder.h"; sourceTree = "<group>"; };
		5D8A4731209408D700CE2723 /* UITextView+MGPlaceholder.m */ = {isa = PBXFileReference; fileEncoding = 4; lastKnownFileType = sourcecode.c.objc; path = "UITextView+MGPlaceholder.m"; sourceTree = "<group>"; };
		5D8A4734209419FB00CE2723 /* ZMPickPhotoCollectionView.h */ = {isa = PBXFileReference; lastKnownFileType = sourcecode.c.h; path = ZMPickPhotoCollectionView.h; sourceTree = "<group>"; };
		5D8A4735209419FB00CE2723 /* ZMPickPhotoCollectionView.m */ = {isa = PBXFileReference; lastKnownFileType = sourcecode.c.objc; path = ZMPickPhotoCollectionView.m; sourceTree = "<group>"; };
		5DC5CBA820784FA600F3C0D6 /* Fish.app */ = {isa = PBXFileReference; explicitFileType = wrapper.application; includeInIndex = 0; path = Fish.app; sourceTree = BUILT_PRODUCTS_DIR; };
		5DC5CBAB20784FA700F3C0D6 /* AppDelegate.h */ = {isa = PBXFileReference; lastKnownFileType = sourcecode.c.h; path = AppDelegate.h; sourceTree = "<group>"; };
		5DC5CBAC20784FA700F3C0D6 /* AppDelegate.m */ = {isa = PBXFileReference; lastKnownFileType = sourcecode.c.objc; path = AppDelegate.m; sourceTree = "<group>"; };
		5DC5CBB420784FA700F3C0D6 /* Assets.xcassets */ = {isa = PBXFileReference; lastKnownFileType = folder.assetcatalog; path = Assets.xcassets; sourceTree = "<group>"; };
		5DC5CBB720784FA700F3C0D6 /* Base */ = {isa = PBXFileReference; lastKnownFileType = file.storyboard; name = Base; path = Base.lproj/LaunchScreen.storyboard; sourceTree = "<group>"; };
		5DC5CBB920784FA700F3C0D6 /* Info.plist */ = {isa = PBXFileReference; lastKnownFileType = text.plist.xml; path = Info.plist; sourceTree = "<group>"; };
		5DC5CBBA20784FA700F3C0D6 /* main.m */ = {isa = PBXFileReference; lastKnownFileType = sourcecode.c.objc; path = main.m; sourceTree = "<group>"; };
		5DC5CBC32078523000F3C0D6 /* LLHomeViewController.m */ = {isa = PBXFileReference; fileEncoding = 4; lastKnownFileType = sourcecode.c.objc; path = LLHomeViewController.m; sourceTree = "<group>"; };
		5DC5CBC42078523000F3C0D6 /* LLHomeViewController.h */ = {isa = PBXFileReference; fileEncoding = 4; lastKnownFileType = sourcecode.c.h; path = LLHomeViewController.h; sourceTree = "<group>"; };
		5DC5CBC52078523000F3C0D6 /* LLHomeViewController.xib */ = {isa = PBXFileReference; fileEncoding = 4; lastKnownFileType = file.xib; path = LLHomeViewController.xib; sourceTree = "<group>"; };
		5DC5CBC72078523000F3C0D6 /* ZMMemberViewController.m */ = {isa = PBXFileReference; fileEncoding = 4; lastKnownFileType = sourcecode.c.objc; path = ZMMemberViewController.m; sourceTree = "<group>"; };
		5DC5CBC92078523000F3C0D6 /* ZMMemberViewController.h */ = {isa = PBXFileReference; fileEncoding = 4; lastKnownFileType = sourcecode.c.h; path = ZMMemberViewController.h; sourceTree = "<group>"; };
		5DC5CBCB2078523000F3C0D6 /* ZMCourseViewController.m */ = {isa = PBXFileReference; fileEncoding = 4; lastKnownFileType = sourcecode.c.objc; path = ZMCourseViewController.m; sourceTree = "<group>"; };
		5DC5CBCD2078523000F3C0D6 /* ZMCourseViewController.h */ = {isa = PBXFileReference; fileEncoding = 4; lastKnownFileType = sourcecode.c.h; path = ZMCourseViewController.h; sourceTree = "<group>"; };
		5DC5CBCF2078523000F3C0D6 /* LLMineViewController.h */ = {isa = PBXFileReference; fileEncoding = 4; lastKnownFileType = sourcecode.c.h; path = LLMineViewController.h; sourceTree = "<group>"; };
		5DC5CBD02078523000F3C0D6 /* LLMineViewController.xib */ = {isa = PBXFileReference; fileEncoding = 4; lastKnownFileType = file.xib; path = LLMineViewController.xib; sourceTree = "<group>"; };
		5DC5CBD12078523000F3C0D6 /* LLMineViewController.m */ = {isa = PBXFileReference; fileEncoding = 4; lastKnownFileType = sourcecode.c.objc; path = LLMineViewController.m; sourceTree = "<group>"; };
		5DC5CBD32078523000F3C0D6 /* LLBaseViewController.m */ = {isa = PBXFileReference; fileEncoding = 4; lastKnownFileType = sourcecode.c.objc; path = LLBaseViewController.m; sourceTree = "<group>"; };
		5DC5CBD42078523000F3C0D6 /* LLBaseViewController.h */ = {isa = PBXFileReference; fileEncoding = 4; lastKnownFileType = sourcecode.c.h; path = LLBaseViewController.h; sourceTree = "<group>"; };
		5DC5CBD72078523000F3C0D6 /* LLTabBar.h */ = {isa = PBXFileReference; fileEncoding = 4; lastKnownFileType = sourcecode.c.h; path = LLTabBar.h; sourceTree = "<group>"; };
		5DC5CBD82078523000F3C0D6 /* LLTabBarItem.h */ = {isa = PBXFileReference; fileEncoding = 4; lastKnownFileType = sourcecode.c.h; path = LLTabBarItem.h; sourceTree = "<group>"; };
		5DC5CBD92078523000F3C0D6 /* LLTabBarItem.m */ = {isa = PBXFileReference; fileEncoding = 4; lastKnownFileType = sourcecode.c.objc; path = LLTabBarItem.m; sourceTree = "<group>"; };
		5DC5CBDA2078523000F3C0D6 /* LLTabBar.m */ = {isa = PBXFileReference; fileEncoding = 4; lastKnownFileType = sourcecode.c.objc; path = LLTabBar.m; sourceTree = "<group>"; };
		5DC5CBE6207871AF00F3C0D6 /* LLRiseTabBarDemo.pch */ = {isa = PBXFileReference; fileEncoding = 4; lastKnownFileType = sourcecode.c.h; path = LLRiseTabBarDemo.pch; sourceTree = "<group>"; };
		5DC5CBE82078752800F3C0D6 /* LoginViewController.h */ = {isa = PBXFileReference; lastKnownFileType = sourcecode.c.h; path = LoginViewController.h; sourceTree = "<group>"; };
		5DC5CBE92078752800F3C0D6 /* LoginViewController.m */ = {isa = PBXFileReference; lastKnownFileType = sourcecode.c.objc; path = LoginViewController.m; sourceTree = "<group>"; };
		5DC5CBEA2078752800F3C0D6 /* LoginViewController.xib */ = {isa = PBXFileReference; lastKnownFileType = file.xib; path = LoginViewController.xib; sourceTree = "<group>"; };
		5DDCBE13208F0FA800B012B0 /* FishUITests.xctest */ = {isa = PBXFileReference; explicitFileType = wrapper.cfbundle; includeInIndex = 0; path = FishUITests.xctest; sourceTree = BUILT_PRODUCTS_DIR; };
		5DDCBE15208F0FA900B012B0 /* FishUITests.m */ = {isa = PBXFileReference; lastKnownFileType = sourcecode.c.objc; path = FishUITests.m; sourceTree = "<group>"; };
		5DDCBE17208F0FA900B012B0 /* Info.plist */ = {isa = PBXFileReference; lastKnownFileType = text.plist.xml; path = Info.plist; sourceTree = "<group>"; };
		5DDCBE1D208F105600B012B0 /* ZMNetworkRequestTestCase.m */ = {isa = PBXFileReference; lastKnownFileType = sourcecode.c.objc; path = ZMNetworkRequestTestCase.m; sourceTree = "<group>"; };
		5DDCBE1F208F1AA400B012B0 /* ZMTestModel.h */ = {isa = PBXFileReference; lastKnownFileType = sourcecode.c.h; path = ZMTestModel.h; sourceTree = "<group>"; };
		5DDCBE20208F1AA400B012B0 /* ZMTestModel.m */ = {isa = PBXFileReference; lastKnownFileType = sourcecode.c.objc; path = ZMTestModel.m; sourceTree = "<group>"; };
		6D3F3E2A8D4D43225781DFE1 /* libPods-Fish.a */ = {isa = PBXFileReference; explicitFileType = archive.ar; includeInIndex = 0; path = "libPods-Fish.a"; sourceTree = BUILT_PRODUCTS_DIR; };
		93A015B05C9C378E7E66C2D7 /* Pods-Fish.release.xcconfig */ = {isa = PBXFileReference; includeInIndex = 1; lastKnownFileType = text.xcconfig; name = "Pods-Fish.release.xcconfig"; path = "Pods/Target Support Files/Pods-Fish/Pods-Fish.release.xcconfig"; sourceTree = "<group>"; };
/* End PBXFileReference section */

/* Begin PBXFrameworksBuildPhase section */
		5DC5CBA520784FA600F3C0D6 /* Frameworks */ = {
			isa = PBXFrameworksBuildPhase;
			buildActionMask = 2147483647;
			files = (
				D299471F8F727A23C67FD4F8 /* libPods-Fish.a in Frameworks */,
			);
			runOnlyForDeploymentPostprocessing = 0;
		};
		5DDCBE10208F0FA800B012B0 /* Frameworks */ = {
			isa = PBXFrameworksBuildPhase;
			buildActionMask = 2147483647;
			files = (
			);
			runOnlyForDeploymentPostprocessing = 0;
		};
/* End PBXFrameworksBuildPhase section */

/* Begin PBXGroup section */
		2FAE98CC5555CDFD299A279A /* Frameworks */ = {
			isa = PBXGroup;
			children = (
				6D3F3E2A8D4D43225781DFE1 /* libPods-Fish.a */,
			);
			name = Frameworks;
			sourceTree = "<group>";
		};
		4933B79F5248B059B0BB93A8 /* Pods */ = {
			isa = PBXGroup;
			children = (
				484F65B6951CFF90B1D21650 /* Pods-Fish.debug.xcconfig */,
				93A015B05C9C378E7E66C2D7 /* Pods-Fish.release.xcconfig */,
			);
			name = Pods;
			sourceTree = "<group>";
		};
		5D2F7CA5209C2FA1007B3812 /* View */ = {
			isa = PBXGroup;
			children = (
				5D2F7CA6209C3058007B3812 /* ZMHomeBodyBuildingKnowledageCell.h */,
				5D2F7CA7209C3058007B3812 /* ZMHomeBodyBuildingKnowledageCell.m */,
				5D2F7CA8209C3058007B3812 /* ZMHomeBodyBuildingKnowledageCell.xib */,
				5D2F7CAB209C3079007B3812 /* ZMExerciseResultCell.h */,
				5D2F7CAC209C3079007B3812 /* ZMExerciseResultCell.m */,
				5D2F7CAD209C3079007B3812 /* ZMExerciseResultCell.xib */,
				5D2F7CB0209C30C3007B3812 /* ZMMemberResultItemCell.h */,
				5D2F7CB1209C30C3007B3812 /* ZMMemberResultItemCell.m */,
				5D2F7CB2209C30C3007B3812 /* ZMMemberResultItemCell.xib */,
				5D2F7CB5209C30DF007B3812 /* ZMMemberResultCell.h */,
				5D2F7CB6209C30DF007B3812 /* ZMMemberResultCell.m */,
				5D2F7CBA209D6FE4007B3812 /* ZMHomeSectionView.h */,
				5D2F7CBB209D6FE4007B3812 /* ZMHomeSectionView.m */,
			);
			path = View;
			sourceTree = "<group>";
		};
		5D2F7CBD209D7CA0007B3812 /* youhuihuodong */ = {
			isa = PBXGroup;
			children = (
				5D2F7CBE209D7CDE007B3812 /* ZMPreferentialActivityController.h */,
				5D2F7CBF209D7CDE007B3812 /* ZMPreferentialActivityController.m */,
			);
			path = youhuihuodong;
			sourceTree = "<group>";
		};
		5D2F7CC1209D7E7F007B3812 /* market */ = {
			isa = PBXGroup;
			children = (
				5D2F7CC2209D7E91007B3812 /* ZMMarketTableViewController.h */,
				5D2F7CC3209D7E91007B3812 /* ZMMarketTableViewController.m */,
			);
			path = market;
			sourceTree = "<group>";
		};
		5D2F7CC5209D812D007B3812 /* NearMember */ = {
			isa = PBXGroup;
			children = (
				5D2F7CE1209D853F007B3812 /* View */,
				5D2F7CDE209D845A007B3812 /* ZMNearMemberViewController.h */,
				5D2F7CDF209D845A007B3812 /* ZMNearMemberViewController.m */,
			);
			path = NearMember;
			sourceTree = "<group>";
		};
		5D2F7CE1209D853F007B3812 /* View */ = {
			isa = PBXGroup;
			children = (
				5D2F7CE2209D8556007B3812 /* ZMNearMememberCell.h */,
				5D2F7CE3209D8556007B3812 /* ZMNearMememberCell.m */,
				5D2F7CE4209D8556007B3812 /* ZMNearMememberCell.xib */,
			);
			path = View;
			sourceTree = "<group>";
		};
		5D2F7CE7209D939A007B3812 /* Message */ = {
			isa = PBXGroup;
			children = (
				5D2F7CFB209D9482007B3812 /* ZMMessageViewController.h */,
				5D2F7CFC209D9482007B3812 /* ZMMessageViewController.m */,
				5D2F7D01209D9503007B3812 /* ZMMessageListController.h */,
				5D2F7D02209D9503007B3812 /* ZMMessageListController.m */,
			);
			path = Message;
			sourceTree = "<group>";
		};
		5D2F7CEB209D9411007B3812 /* YPTabBarController */ = {
			isa = PBXGroup;
			children = (
				5D2F7CEC209D9411007B3812 /* YPTabItem.h */,
				5D2F7CED209D9411007B3812 /* UIScrollView+YPTabBarController.h */,
				5D2F7CEE209D9411007B3812 /* YPTabBar.h */,
				5D2F7CEF209D9411007B3812 /* YPTabBarController.h */,
				5D2F7CF0209D9411007B3812 /* UIViewController+YPTabBarController.h */,
				5D2F7CF1209D9411007B3812 /* YPTabItem.m */,
				5D2F7CF2209D9411007B3812 /* UIScrollView+YPTabBarController.m */,
				5D2F7CF3209D9411007B3812 /* YPTabBarController.m */,
				5D2F7CF4209D9411007B3812 /* YPTabBar.m */,
				5D2F7CF5209D9411007B3812 /* UIViewController+YPTabBarController.m */,
			);
			path = YPTabBarController;
			sourceTree = "<group>";
		};
		5D2F7D0D209E9E1F007B3812 /* View */ = {
			isa = PBXGroup;
			children = (
				5D5C197B20A2E019005422E5 /* SSSearchBar.h */,
				5D5C197920A2E019005422E5 /* SSSearchBar.m */,
				5D5C197C20A2E019005422E5 /* UIImage+Tool.h */,
				5D5C197A20A2E019005422E5 /* UIImage+Tool.m */,
				5D2F7D0E209E9E31007B3812 /* ZMSearchButton.xib */,
				5D5C197F20A2E140005422E5 /* ZMSearchButton.h */,
				5D5C198020A2E140005422E5 /* ZMSearchButton.m */,
			);
			path = View;
			sourceTree = "<group>";
		};
		5D343F75207BB617006F8616 /* Category */ = {
			isa = PBXGroup;
			children = (
				5D5C197420A2D5B2005422E5 /* UINavigationBar+Awesome.h */,
				5D5C197320A2D5B2005422E5 /* UINavigationBar+Awesome.m */,
				5D2F7D04209E9034007B3812 /* UIButton+YPKit.h */,
				5D2F7D05209E9035007B3812 /* UIButton+YPKit.m */,
				5D2F7C9C2096A66D007B3812 /* UIViewController+BackButtonHandler.h */,
				5D2F7C9D2096A66D007B3812 /* UIViewController+BackButtonHandler.m */,
				5D8A4730209408D700CE2723 /* UITextView+MGPlaceholder.h */,
				5D8A4731209408D700CE2723 /* UITextView+MGPlaceholder.m */,
				5D343F76207BB62E006F8616 /* UIColor+Hex.h */,
				5D343F77207BB62E006F8616 /* UIColor+Hex.m */,
				5D5BB21C2084ECC70067709B /* UIView+AddBackView.h */,
				5D5BB21D2084ECC70067709B /* UIView+AddBackView.m */,
				5D5BB21F2084F3B30067709B /* UIAlertController+Set.h */,
				5D5BB2202084F3B30067709B /* UIAlertController+Set.m */,
				5D5BB2222084F7090067709B /* UIViewController+CurrentViewController.h */,
				5D5BB2232084F7090067709B /* UIViewController+CurrentViewController.m */,
				5D8A46C5209019C000CE2723 /* YTKBaseRequest+ZMAnimatingAccessory.h */,
				5D8A46C6209019C000CE2723 /* YTKBaseRequest+ZMAnimatingAccessory.m */,
				5D8A46E02090755B00CE2723 /* NSDictionary+ZMSet.h */,
				5D8A46E12090755B00CE2723 /* NSDictionary+ZMSet.m */,
				5D2F7D07209E91EA007B3812 /* NSString+YPKit.h */,
				5D2F7D08209E91EA007B3812 /* NSString+YPKit.m */,
			);
			path = Category;
			sourceTree = "<group>";
		};
		5D343F79207BB922006F8616 /* Register */ = {
			isa = PBXGroup;
			children = (
				5D343F7A207BB93F006F8616 /* RegisterViewController.h */,
				5D343F7B207BB93F006F8616 /* RegisterViewController.m */,
				5D343F7C207BB93F006F8616 /* RegisterViewController.xib */,
			);
			path = Register;
			sourceTree = "<group>";
		};
		5D343F7F207BC1F4006F8616 /* ForgetPassword */ = {
			isa = PBXGroup;
			children = (
				5D343F80207BC21F006F8616 /* ForgetPasswordViewController.h */,
				5D343F82207BC21F006F8616 /* ForgetPasswordViewController.m */,
				5D343F81207BC21F006F8616 /* ForgetPasswordViewController.xib */,
			);
			path = ForgetPassword;
			sourceTree = "<group>";
		};
		5D343F85207BC330006F8616 /* ChooseRole */ = {
			isa = PBXGroup;
			children = (
				5D343F86207BC345006F8616 /* ChooseRoleViewController.h */,
				5D343F87207BC345006F8616 /* ChooseRoleViewController.m */,
				5D343F88207BC345006F8616 /* ChooseRoleViewController.xib */,
			);
			path = ChooseRole;
			sourceTree = "<group>";
		};
		5D3BC34120A09CE300510004 /* TeachingQualification  */ = {
			isa = PBXGroup;
			children = (
				5D3BC34520A09CE300510004 /* ZMExerciseMaximViewController.xib */,
				5D3BC34620A09CE300510004 /* Model */,
				5D3BC34920A09CE300510004 /* View */,
				5D3BC34F20A09CE300510004 /* ZMExerciseMaximViewController.h */,
				5D3BC34220A09CE300510004 /* ZMExerciseMaximViewController.m */,
				5D3BC34E20A09CE300510004 /* ZMGoodAtFieldViewController.h */,
				5D3BC34320A09CE300510004 /* ZMGoodAtFieldViewController.m */,
				5D3BC34D20A09CE300510004 /* TeachQAViewController.h */,
				5D3BC34420A09CE300510004 /* TeachQAViewController.m */,
			);
			name = "TeachingQualification ";
			path = "../../../../../../../Downloads/TeachingQualification ";
			sourceTree = "<group>";
		};
		5D3BC34620A09CE300510004 /* Model */ = {
			isa = PBXGroup;
			children = (
				5D3BC34720A09CE300510004 /* ZMFieldModel.m */,
				5D3BC34820A09CE300510004 /* ZMFieldModel.h */,
			);
			path = Model;
			sourceTree = "<group>";
		};
		5D3BC34920A09CE300510004 /* View */ = {
			isa = PBXGroup;
			children = (
				5D3BC34A20A09CE300510004 /* ZMFieldCollectionViewCell.xib */,
				5D3BC34B20A09CE300510004 /* ZMFieldCollectionViewCell.m */,
				5D3BC34C20A09CE300510004 /* ZMFieldCollectionViewCell.h */,
			);
			path = View;
			sourceTree = "<group>";
		};
		5D5BB2182084EC6B0067709B /* LoginTopView */ = {
			isa = PBXGroup;
			children = (
				5D5BB2192084EC980067709B /* LoginTopView.h */,
				5D5BB21A2084EC980067709B /* LoginTopView.m */,
			);
			path = LoginTopView;
			sourceTree = "<group>";
		};
		5D5BB2252088E0E60067709B /* PersonalInfo */ = {
			isa = PBXGroup;
			children = (
				5D5BB2292088E7CD0067709B /* cell */,
				5D5BB2262088E7910067709B /* PersonalInfoViewController.h */,
				5D5BB2272088E7910067709B /* PersonalInfoViewController.m */,
			);
			path = PersonalInfo;
			sourceTree = "<group>";
		};
		5D5BB2292088E7CD0067709B /* cell */ = {
			isa = PBXGroup;
			children = (
				5D5BB22A2088E7E70067709B /* PersonalInfoCell.h */,
				5D5BB22B2088E7E70067709B /* PersonalInfoCell.m */,
			);
			path = cell;
			sourceTree = "<group>";
		};
		5D5BB22D2088EE9A0067709B /* Model */ = {
			isa = PBXGroup;
			children = (
				5D5BB22E2088EEAF0067709B /* ZMMineModel.h */,
				5D5BB22F2088EEAF0067709B /* ZMMineModel.m */,
				5D5BB2312088EEE50067709B /* ZMPersonalModel.h */,
				5D5BB2322088EEE50067709B /* ZMPersonalModel.m */,
				5D5BB241208B189A0067709B /* ZMMineDefine.h */,
			);
			path = Model;
			sourceTree = "<group>";
		};
		5D5BB237208AF8820067709B /* Certification */ = {
			isa = PBXGroup;
			children = (
				5D5BB238208AF8B90067709B /* ZMCertificationViewController.h */,
				5D5BB239208AF8B90067709B /* ZMCertificationViewController.m */,
				5D5BB23A208AF8B90067709B /* ZMCertificationViewController.xib */,
			);
			path = Certification;
			sourceTree = "<group>";
		};
		5D5BB245208B8A8F0067709B /* NetWorkDAO */ = {
			isa = PBXGroup;
			children = (
				5D5BB246208B8ADA0067709B /* ZMLoginRequest.h */,
				5D5BB247208B8ADA0067709B /* ZMLoginRequest.m */,
				5D5BB249208B8CD50067709B /* ZMRegistRequest.h */,
				5D5BB24A208B8CD50067709B /* ZMRegistRequest.m */,
				5D5BB24C208E26930067709B /* ZMVerfiyCodeRequest.h */,
				5D5BB24D208E26930067709B /* ZMVerfiyCodeRequest.m */,
				5D5BB256208E2FCB0067709B /* ZMForgetPwdRequest.h */,
				5D5BB257208E2FCB0067709B /* ZMForgetPwdRequest.m */,
				5D5BB25D208E39400067709B /* ZMUpLoadRequest.h */,
				5D5BB25E208E39400067709B /* ZMUpLoadRequest.m */,
			);
			path = NetWorkDAO;
			sourceTree = "<group>";
		};
		5D5BB24F208E2CFE0067709B /* Model */ = {
			isa = PBXGroup;
			children = (
				5D5BB250208E2D0F0067709B /* ZMAccount.h */,
				5D5BB251208E2D0F0067709B /* ZMAccount.m */,
				5D5BB253208E2D3A0067709B /* ZMAccountManager.h */,
				5D5BB254208E2D3A0067709B /* ZMAccountManager.m */,
			);
			path = Model;
			sourceTree = "<group>";
		};
		5D5BB259208E35370067709B /* NetWorkDAO */ = {
			isa = PBXGroup;
			children = (
				5D5BB25A208E35590067709B /* ZMRealNameRequest.h */,
				5D5BB25B208E35590067709B /* ZMRealNameRequest.m */,
				5D8A47132092B35400CE2723 /* ZMUserEditRequest.h */,
				5D8A47142092B35400CE2723 /* ZMUserEditRequest.m */,
				5D8A47162092B78400CE2723 /* ZMGetPromotionRequest.h */,
				5D8A47172092B78400CE2723 /* ZMGetPromotionRequest.m */,
				5D8A47192092B7DD00CE2723 /* ZMRecFriendRequest.h */,
				5D8A471A2092B7DD00CE2723 /* ZMRecFriendRequest.m */,
				5D8A471C2092B8BE00CE2723 /* ZMSaveAuthRequest.h */,
				5D8A471D2092B8BE00CE2723 /* ZMSaveAuthRequest.m */,
				5D8A471F2092B9CD00CE2723 /* ZMGetAuthRequest.h */,
				5D8A47202092B9CD00CE2723 /* ZMGetAuthRequest.m */,
			);
			path = NetWorkDAO;
			sourceTree = "<group>";
		};
		5D5BB260209219ED0067709B /* RecFriends */ = {
			isa = PBXGroup;
			children = (
				5D5BB26120921A100067709B /* ZMRecFriendViewController.h */,
				5D5BB26220921A100067709B /* ZMRecFriendViewController.m */,
			);
			path = RecFriends;
			sourceTree = "<group>";
		};
		5D5C198220A2F199005422E5 /* ZspMenuFile */ = {
			isa = PBXGroup;
			children = (
				5D5C198320A2F199005422E5 /* ZspMenu.h */,
				5D5C198420A2F199005422E5 /* ZspMenu.m */,
			);
			path = ZspMenuFile;
			sourceTree = "<group>";
		};
		5D8A46D72090297400CE2723 /* Accessory */ = {
			isa = PBXGroup;
			children = (
				5D8A46D82090298D00CE2723 /* ZMAnimatingRequestAccessory.h */,
				5D8A46D92090298D00CE2723 /* ZMAnimatingRequestAccessory.m */,
			);
			path = Accessory;
			sourceTree = "<group>";
		};
		5D8A46DE2090697300CE2723 /* Macro */ = {
			isa = PBXGroup;
			children = (
				5D8A46DF2090698C00CE2723 /* ZMConfig.h */,
			);
			path = Macro;
			sourceTree = "<group>";
		};
		5D8A46E62090797900CE2723 /* Tool */ = {
			isa = PBXGroup;
			children = (
				5D2F7CEB209D9411007B3812 /* YPTabBarController */,
				5D8A470F2090845A00CE2723 /* FDFullscreenPopGesture */,
			);
			path = Tool;
			sourceTree = "<group>";
		};
		5D8A470F2090845A00CE2723 /* FDFullscreenPopGesture */ = {
			isa = PBXGroup;
			children = (
				5D8A47102090845A00CE2723 /* UINavigationController+FDFullscreenPopGesture.h */,
				5D8A47112090845A00CE2723 /* UINavigationController+FDFullscreenPopGesture.m */,
			);
			path = FDFullscreenPopGesture;
			sourceTree = "<group>";
		};
		5D8A4725209301D300CE2723 /* Feedback */ = {
			isa = PBXGroup;
			children = (
				5D8A4733209419C900CE2723 /* View */,
				5D8A4726209301E900CE2723 /* ZMFeedbackViewController.h */,
				5D8A4727209301E900CE2723 /* ZMFeedbackViewController.m */,
				5D8A4728209301E900CE2723 /* ZMFeedbackViewController.xib */,
			);
			path = Feedback;
			sourceTree = "<group>";
		};
		5D8A4733209419C900CE2723 /* View */ = {
			isa = PBXGroup;
			children = (
				5D8A472C209306BC00CE2723 /* MGSearchFeedbackCell.h */,
				5D8A472D209306BC00CE2723 /* MGSearchFeedbackCell.m */,
				5D8A472B209306BB00CE2723 /* MGSearchFeedbackCell.xib */,
				5D8A4734209419FB00CE2723 /* ZMPickPhotoCollectionView.h */,
				5D8A4735209419FB00CE2723 /* ZMPickPhotoCollectionView.m */,
			);
			path = View;
			sourceTree = "<group>";
		};
		5DC5CB9F20784FA600F3C0D6 = {
			isa = PBXGroup;
			children = (
				5DC5CBAA20784FA600F3C0D6 /* Fish */,
				5DDCBE14208F0FA900B012B0 /* FishUITests */,
				5DC5CBA920784FA600F3C0D6 /* Products */,
				4933B79F5248B059B0BB93A8 /* Pods */,
				2FAE98CC5555CDFD299A279A /* Frameworks */,
			);
			sourceTree = "<group>";
		};
		5DC5CBA920784FA600F3C0D6 /* Products */ = {
			isa = PBXGroup;
			children = (
				5DC5CBA820784FA600F3C0D6 /* Fish.app */,
				5DDCBE13208F0FA800B012B0 /* FishUITests.xctest */,
			);
			name = Products;
			sourceTree = "<group>";
		};
		5DC5CBAA20784FA600F3C0D6 /* Fish */ = {
			isa = PBXGroup;
			children = (
				5D8A46E62090797900CE2723 /* Tool */,
				5D8A46DE2090697300CE2723 /* Macro */,
				5D8A46D72090297400CE2723 /* Accessory */,
				5D343F75207BB617006F8616 /* Category */,
				5DC5CBD52078523000F3C0D6 /* CustomView */,
				5DC5CBC12078522F00F3C0D6 /* ViewController */,
				5DC5CBAB20784FA700F3C0D6 /* AppDelegate.h */,
				5DC5CBAC20784FA700F3C0D6 /* AppDelegate.m */,
				5DC5CBB420784FA700F3C0D6 /* Assets.xcassets */,
				5DC5CBB620784FA700F3C0D6 /* LaunchScreen.storyboard */,
				5DC5CBB920784FA700F3C0D6 /* Info.plist */,
				5DC5CBBA20784FA700F3C0D6 /* main.m */,
				5DC5CBE6207871AF00F3C0D6 /* LLRiseTabBarDemo.pch */,
			);
			path = Fish;
			sourceTree = "<group>";
		};
		5DC5CBC12078522F00F3C0D6 /* ViewController */ = {
			isa = PBXGroup;
			children = (
				5D5BB24F208E2CFE0067709B /* Model */,
				5D5BB245208B8A8F0067709B /* NetWorkDAO */,
				5D343F85207BC330006F8616 /* ChooseRole */,
				5D343F7F207BC1F4006F8616 /* ForgetPassword */,
				5D343F79207BB922006F8616 /* Register */,
				5DC5CBE72078750700F3C0D6 /* Login */,
				5DC5CBC22078523000F3C0D6 /* Home */,
				5DC5CBC62078523000F3C0D6 /* Coach */,
				5DC5CBCA2078523000F3C0D6 /* Course */,
				5DC5CBCE2078523000F3C0D6 /* Mine */,
				5DC5CBD22078523000F3C0D6 /* Base */,
			);
			path = ViewController;
			sourceTree = "<group>";
		};
		5DC5CBC22078523000F3C0D6 /* Home */ = {
			isa = PBXGroup;
			children = (
				5D2F7CE7209D939A007B3812 /* Message */,
				5D2F7CC5209D812D007B3812 /* NearMember */,
				5D2F7CC1209D7E7F007B3812 /* market */,
				5D2F7CBD209D7CA0007B3812 /* youhuihuodong */,
				5D2F7CA5209C2FA1007B3812 /* View */,
				5DC5CBC32078523000F3C0D6 /* LLHomeViewController.m */,
				5DC5CBC42078523000F3C0D6 /* LLHomeViewController.h */,
				5DC5CBC52078523000F3C0D6 /* LLHomeViewController.xib */,
			);
			path = Home;
			sourceTree = "<group>";
		};
		5DC5CBC62078523000F3C0D6 /* Coach */ = {
			isa = PBXGroup;
			children = (
				5D2F7D0D209E9E1F007B3812 /* View */,
				5DC5CBC72078523000F3C0D6 /* ZMMemberViewController.m */,
				5DC5CBC92078523000F3C0D6 /* ZMMemberViewController.h */,
				5D2F7D0A209E976C007B3812 /* ZMMemberListController.h */,
				5D2F7D0B209E976C007B3812 /* ZMMemberListController.m */,
			);
			path = Coach;
			sourceTree = "<group>";
		};
		5DC5CBCA2078523000F3C0D6 /* Course */ = {
			isa = PBXGroup;
			children = (
				5DC5CBCB2078523000F3C0D6 /* ZMCourseViewController.m */,
				5DC5CBCD2078523000F3C0D6 /* ZMCourseViewController.h */,
				5D2F7D10209EA3EC007B3812 /* ZMCourseListViewController.h */,
				5D2F7D11209EA3EC007B3812 /* ZMCourseListViewController.m */,
			);
			path = Course;
			sourceTree = "<group>";
		};
		5DC5CBCE2078523000F3C0D6 /* Mine */ = {
			isa = PBXGroup;
			children = (
				5D3BC34120A09CE300510004 /* TeachingQualification  */,
				5D5BB260209219ED0067709B /* RecFriends */,
				5D8A4725209301D300CE2723 /* Feedback */,
				5D5BB259208E35370067709B /* NetWorkDAO */,
				5D5BB237208AF8820067709B /* Certification */,
				5D5BB22D2088EE9A0067709B /* Model */,
				5D5BB2252088E0E60067709B /* PersonalInfo */,
				5DC5CBCF2078523000F3C0D6 /* LLMineViewController.h */,
				5DC5CBD02078523000F3C0D6 /* LLMineViewController.xib */,
				5DC5CBD12078523000F3C0D6 /* LLMineViewController.m */,
			);
			path = Mine;
			sourceTree = "<group>";
		};
		5DC5CBD22078523000F3C0D6 /* Base */ = {
			isa = PBXGroup;
			children = (
				5DC5CBD32078523000F3C0D6 /* LLBaseViewController.m */,
				5DC5CBD42078523000F3C0D6 /* LLBaseViewController.h */,
				5D5BB234208AEB1D0067709B /* LLBaseNavViewController.h */,
				5D5BB235208AEB1D0067709B /* LLBaseNavViewController.m */,
				5D5BB242208B21F30067709B /* ZMBaseViewController.h */,
				5D5BB243208B21F30067709B /* ZMBaseViewController.m */,
			);
			path = Base;
			sourceTree = "<group>";
		};
		5DC5CBD52078523000F3C0D6 /* CustomView */ = {
			isa = PBXGroup;
			children = (
				5D5C198220A2F199005422E5 /* ZspMenuFile */,
				5D8A470C20907D5100CE2723 /* UIAlertController+YPKit.h */,
				5D8A470D20907D5100CE2723 /* UIAlertController+YPKit.m */,
				5D8A46E4209078B200CE2723 /* YPImagePicker.h */,
				5D8A46E3209078B200CE2723 /* YPImagePicker.m */,
				5D5BB2182084EC6B0067709B /* LoginTopView */,
				5DC5CBD62078523000F3C0D6 /* LLTabBar */,
				5D5BB26420921AA70067709B /* ZMInputTextField.h */,
				5D5BB26520921AA70067709B /* ZMInputTextField.m */,
			);
			path = CustomView;
			sourceTree = "<group>";
		};
		5DC5CBD62078523000F3C0D6 /* LLTabBar */ = {
			isa = PBXGroup;
			children = (
				5DC5CBD72078523000F3C0D6 /* LLTabBar.h */,
				5DC5CBD82078523000F3C0D6 /* LLTabBarItem.h */,
				5DC5CBD92078523000F3C0D6 /* LLTabBarItem.m */,
				5DC5CBDA2078523000F3C0D6 /* LLTabBar.m */,
			);
			path = LLTabBar;
			sourceTree = "<group>";
		};
		5DC5CBE72078750700F3C0D6 /* Login */ = {
			isa = PBXGroup;
			children = (
				5DC5CBE82078752800F3C0D6 /* LoginViewController.h */,
				5DC5CBE92078752800F3C0D6 /* LoginViewController.m */,
				5DC5CBEA2078752800F3C0D6 /* LoginViewController.xib */,
			);
			path = Login;
			sourceTree = "<group>";
		};
		5DDCBE14208F0FA900B012B0 /* FishUITests */ = {
			isa = PBXGroup;
			children = (
				5DDCBE1D208F105600B012B0 /* ZMNetworkRequestTestCase.m */,
				5DDCBE15208F0FA900B012B0 /* FishUITests.m */,
				5DDCBE17208F0FA900B012B0 /* Info.plist */,
				5DDCBE1F208F1AA400B012B0 /* ZMTestModel.h */,
				5DDCBE20208F1AA400B012B0 /* ZMTestModel.m */,
			);
			path = FishUITests;
			sourceTree = "<group>";
		};
/* End PBXGroup section */

/* Begin PBXNativeTarget section */
		5DC5CBA720784FA600F3C0D6 /* Fish */ = {
			isa = PBXNativeTarget;
			buildConfigurationList = 5DC5CBBE20784FA700F3C0D6 /* Build configuration list for PBXNativeTarget "Fish" */;
			buildPhases = (
				9F6D3F2C3D26A54989EE9680 /* [CP] Check Pods Manifest.lock */,
				5DC5CBA420784FA600F3C0D6 /* Sources */,
				5DC5CBA520784FA600F3C0D6 /* Frameworks */,
				5DC5CBA620784FA600F3C0D6 /* Resources */,
				F698F01ABDC54EC7E37A6AD4 /* [CP] Copy Pods Resources */,
			);
			buildRules = (
			);
			dependencies = (
			);
			name = Fish;
			productName = Fish;
			productReference = 5DC5CBA820784FA600F3C0D6 /* Fish.app */;
			productType = "com.apple.product-type.application";
		};
		5DDCBE12208F0FA800B012B0 /* FishUITests */ = {
			isa = PBXNativeTarget;
			buildConfigurationList = 5DDCBE1C208F0FA900B012B0 /* Build configuration list for PBXNativeTarget "FishUITests" */;
			buildPhases = (
				5DDCBE0F208F0FA800B012B0 /* Sources */,
				5DDCBE10208F0FA800B012B0 /* Frameworks */,
				5DDCBE11208F0FA800B012B0 /* Resources */,
			);
			buildRules = (
			);
			dependencies = (
				5DDCBE19208F0FA900B012B0 /* PBXTargetDependency */,
			);
			name = FishUITests;
			productName = FishUITests;
			productReference = 5DDCBE13208F0FA800B012B0 /* FishUITests.xctest */;
			productType = "com.apple.product-type.bundle.ui-testing";
		};
/* End PBXNativeTarget section */

/* Begin PBXProject section */
		5DC5CBA020784FA600F3C0D6 /* Project object */ = {
			isa = PBXProject;
			attributes = {
				CLASSPREFIX = ZM;
				LastUpgradeCheck = 0920;
				ORGANIZATIONNAME = zhaoming;
				TargetAttributes = {
					5DC5CBA720784FA600F3C0D6 = {
						CreatedOnToolsVersion = 9.2;
						ProvisioningStyle = Automatic;
					};
					5DDCBE12208F0FA800B012B0 = {
						CreatedOnToolsVersion = 9.2;
						ProvisioningStyle = Automatic;
						TestTargetID = 5DC5CBA720784FA600F3C0D6;
					};
				};
			};
			buildConfigurationList = 5DC5CBA320784FA600F3C0D6 /* Build configuration list for PBXProject "Fish" */;
			compatibilityVersion = "Xcode 8.0";
			developmentRegion = en;
			hasScannedForEncodings = 0;
			knownRegions = (
				en,
				Base,
				de,
				"zh-Hans",
				ja,
				es,
			);
			mainGroup = 5DC5CB9F20784FA600F3C0D6;
			productRefGroup = 5DC5CBA920784FA600F3C0D6 /* Products */;
			projectDirPath = "";
			projectRoot = "";
			targets = (
				5DC5CBA720784FA600F3C0D6 /* Fish */,
				5DDCBE12208F0FA800B012B0 /* FishUITests */,
			);
		};
/* End PBXProject section */

/* Begin PBXResourcesBuildPhase section */
		5DC5CBA620784FA600F3C0D6 /* Resources */ = {
			isa = PBXResourcesBuildPhase;
			buildActionMask = 2147483647;
			files = (
				5DC5CBEC2078752800F3C0D6 /* LoginViewController.xib in Resources */,
				5D2F7D0F209E9E31007B3812 /* ZMSearchButton.xib in Resources */,
				5D343F83207BC21F006F8616 /* ForgetPasswordViewController.xib in Resources */,
				5DC5CBE12078523000F3C0D6 /* LLMineViewController.xib in Resources */,
				5D2F7CAA209C3058007B3812 /* ZMHomeBodyBuildingKnowledageCell.xib in Resources */,
				5D8A472E209306BC00CE2723 /* MGSearchFeedbackCell.xib in Resources */,
				5D8A472A209301E900CE2723 /* ZMFeedbackViewController.xib in Resources */,
				5DC5CBB820784FA700F3C0D6 /* LaunchScreen.storyboard in Resources */,
				5D2F7CB4209C30C3007B3812 /* ZMMemberResultItemCell.xib in Resources */,
				5DC5CBDC2078523000F3C0D6 /* LLHomeViewController.xib in Resources */,
				5D343F7E207BB93F006F8616 /* RegisterViewController.xib in Resources */,
				5D343F8A207BC345006F8616 /* ChooseRoleViewController.xib in Resources */,
				5DC5CBB520784FA700F3C0D6 /* Assets.xcassets in Resources */,
				5D3BC35320A09CE300510004 /* ZMExerciseMaximViewController.xib in Resources */,
				5D2F7CE6209D8556007B3812 /* ZMNearMememberCell.xib in Resources */,
				5D2F7CAF209C3079007B3812 /* ZMExerciseResultCell.xib in Resources */,
				5D3BC35520A09CE300510004 /* ZMFieldCollectionViewCell.xib in Resources */,
				5D5BB23C208AF8B90067709B /* ZMCertificationViewController.xib in Resources */,
			);
			runOnlyForDeploymentPostprocessing = 0;
		};
		5DDCBE11208F0FA800B012B0 /* Resources */ = {
			isa = PBXResourcesBuildPhase;
			buildActionMask = 2147483647;
			files = (
			);
			runOnlyForDeploymentPostprocessing = 0;
		};
/* End PBXResourcesBuildPhase section */

/* Begin PBXShellScriptBuildPhase section */
		9F6D3F2C3D26A54989EE9680 /* [CP] Check Pods Manifest.lock */ = {
			isa = PBXShellScriptBuildPhase;
			buildActionMask = 2147483647;
			files = (
			);
			inputPaths = (
				"${PODS_PODFILE_DIR_PATH}/Podfile.lock",
				"${PODS_ROOT}/Manifest.lock",
			);
			name = "[CP] Check Pods Manifest.lock";
			outputPaths = (
				"$(DERIVED_FILE_DIR)/Pods-Fish-checkManifestLockResult.txt",
			);
			runOnlyForDeploymentPostprocessing = 0;
			shellPath = /bin/sh;
			shellScript = "diff \"${PODS_PODFILE_DIR_PATH}/Podfile.lock\" \"${PODS_ROOT}/Manifest.lock\" > /dev/null\nif [ $? != 0 ] ; then\n    # print error to STDERR\n    echo \"error: The sandbox is not in sync with the Podfile.lock. Run 'pod install' or update your CocoaPods installation.\" >&2\n    exit 1\nfi\n# This output is used by Xcode 'outputs' to avoid re-running this script phase.\necho \"SUCCESS\" > \"${SCRIPT_OUTPUT_FILE_0}\"\n";
			showEnvVarsInLog = 0;
		};
		F698F01ABDC54EC7E37A6AD4 /* [CP] Copy Pods Resources */ = {
			isa = PBXShellScriptBuildPhase;
			buildActionMask = 2147483647;
			files = (
			);
			inputPaths = (
				"${SRCROOT}/Pods/Target Support Files/Pods-Fish/Pods-Fish-resources.sh",
				"${PODS_ROOT}/IQKeyboardManager/IQKeyboardManager/Resources/IQKeyboardManager.bundle",
			);
			name = "[CP] Copy Pods Resources";
			outputPaths = (
				"${TARGET_BUILD_DIR}/${UNLOCALIZED_RESOURCES_FOLDER_PATH}/IQKeyboardManager.bundle",
			);
			runOnlyForDeploymentPostprocessing = 0;
			shellPath = /bin/sh;
			shellScript = "\"${SRCROOT}/Pods/Target Support Files/Pods-Fish/Pods-Fish-resources.sh\"\n";
			showEnvVarsInLog = 0;
		};
/* End PBXShellScriptBuildPhase section */

/* Begin PBXSourcesBuildPhase section */
		5DC5CBA420784FA600F3C0D6 /* Sources */ = {
			isa = PBXSourcesBuildPhase;
			buildActionMask = 2147483647;
			files = (
				5DC5CBE22078523000F3C0D6 /* LLMineViewController.m in Sources */,
				5DC5CBE42078523000F3C0D6 /* LLTabBarItem.m in Sources */,
				5D8A471B2092B7DD00CE2723 /* ZMRecFriendRequest.m in Sources */,
				5D8A471E2092B8BE00CE2723 /* ZMSaveAuthRequest.m in Sources */,
				5DC5CBDD2078523000F3C0D6 /* ZMMemberViewController.m in Sources */,
				5D3BC35020A09CE300510004 /* ZMExerciseMaximViewController.m in Sources */,
				5D8A4732209408D800CE2723 /* UITextView+MGPlaceholder.m in Sources */,
				5DC5CBE32078523000F3C0D6 /* LLBaseViewController.m in Sources */,
				5D5BB248208B8ADA0067709B /* ZMLoginRequest.m in Sources */,
				5D2F7CA9209C3058007B3812 /* ZMHomeBodyBuildingKnowledageCell.m in Sources */,
				5DC5CBEB2078752800F3C0D6 /* LoginViewController.m in Sources */,
				5D5BB2302088EEAF0067709B /* ZMMineModel.m in Sources */,
				5D2F7CBC209D6FE4007B3812 /* ZMHomeSectionView.m in Sources */,
				5D2F7CFA209D9411007B3812 /* UIViewController+YPTabBarController.m in Sources */,
				5D5C197520A2D5B3005422E5 /* UINavigationBar+Awesome.m in Sources */,
				5D3BC35220A09CE300510004 /* TeachQAViewController.m in Sources */,
				5D5BB2332088EEE50067709B /* ZMPersonalModel.m in Sources */,
				5DC5CBE52078523000F3C0D6 /* LLTabBar.m in Sources */,
				5D8A47182092B78400CE2723 /* ZMGetPromotionRequest.m in Sources */,
				5D5BB21B2084EC980067709B /* LoginTopView.m in Sources */,
				5D2F7CE5209D8556007B3812 /* ZMNearMememberCell.m in Sources */,
				5DC5CBDF2078523000F3C0D6 /* ZMCourseViewController.m in Sources */,
				5D5BB21E2084ECC70067709B /* UIView+AddBackView.m in Sources */,
				5D343F7D207BB93F006F8616 /* RegisterViewController.m in Sources */,
				5D5BB26320921A100067709B /* ZMRecFriendViewController.m in Sources */,
				5D8A47212092B9CD00CE2723 /* ZMGetAuthRequest.m in Sources */,
				5D5BB23B208AF8B90067709B /* ZMCertificationViewController.m in Sources */,
				5D5C198120A2E140005422E5 /* ZMSearchButton.m in Sources */,
				5D2F7D06209E9035007B3812 /* UIButton+YPKit.m in Sources */,
				5D2F7CB8209C30DF007B3812 /* ZMMemberResultCell.m in Sources */,
				5D2F7CAE209C3079007B3812 /* ZMExerciseResultCell.m in Sources */,
				5D2F7D03209D9503007B3812 /* ZMMessageListController.m in Sources */,
				5D8A47152092B35400CE2723 /* ZMUserEditRequest.m in Sources */,
				5D2F7CF6209D9411007B3812 /* YPTabItem.m in Sources */,
				5D3BC35120A09CE300510004 /* ZMGoodAtFieldViewController.m in Sources */,
				5D2F7CFD209D9482007B3812 /* ZMMessageViewController.m in Sources */,
				5D3BC35420A09CE300510004 /* ZMFieldModel.m in Sources */,
				5D5BB25C208E35590067709B /* ZMRealNameRequest.m in Sources */,
				5D2F7CC0209D7CDE007B3812 /* ZMPreferentialActivityController.m in Sources */,
				5D5BB2212084F3B30067709B /* UIAlertController+Set.m in Sources */,
				5D8A47122090845B00CE2723 /* UINavigationController+FDFullscreenPopGesture.m in Sources */,
				5D8A46E22090755B00CE2723 /* NSDictionary+ZMSet.m in Sources */,
				5D5BB26620921AA70067709B /* ZMInputTextField.m in Sources */,
				5DC5CBDB2078523000F3C0D6 /* LLHomeViewController.m in Sources */,
				5D2F7CC4209D7E91007B3812 /* ZMMarketTableViewController.m in Sources */,
				5D3BC35620A09CE300510004 /* ZMFieldCollectionViewCell.m in Sources */,
				5D8A4729209301E900CE2723 /* ZMFeedbackViewController.m in Sources */,
				5D8A470E20907D5100CE2723 /* UIAlertController+YPKit.m in Sources */,
				5D5C197E20A2E019005422E5 /* UIImage+Tool.m in Sources */,
				5D2F7D0C209E976C007B3812 /* ZMMemberListController.m in Sources */,
				5D8A4736209419FB00CE2723 /* ZMPickPhotoCollectionView.m in Sources */,
				5D5BB258208E2FCB0067709B /* ZMForgetPwdRequest.m in Sources */,
				5D2F7C9E2096A66D007B3812 /* UIViewController+BackButtonHandler.m in Sources */,
				5D5BB244208B21F30067709B /* ZMBaseViewController.m in Sources */,
				5D5BB252208E2D0F0067709B /* ZMAccount.m in Sources */,
				5D5BB24B208B8CD50067709B /* ZMRegistRequest.m in Sources */,
				5D5BB255208E2D3A0067709B /* ZMAccountManager.m in Sources */,
				5D343F89207BC345006F8616 /* ChooseRoleViewController.m in Sources */,
				5D5BB2242084F7090067709B /* UIViewController+CurrentViewController.m in Sources */,
				5D8A472F209306BC00CE2723 /* MGSearchFeedbackCell.m in Sources */,
				5D2F7D12209EA3EC007B3812 /* ZMCourseListViewController.m in Sources */,
				5D2F7CF7209D9411007B3812 /* UIScrollView+YPTabBarController.m in Sources */,
				5D2F7D09209E91EA007B3812 /* NSString+YPKit.m in Sources */,
				5D5BB236208AEB1D0067709B /* LLBaseNavViewController.m in Sources */,
				5D2F7CE0209D845A007B3812 /* ZMNearMemberViewController.m in Sources */,
				5D343F84207BC21F006F8616 /* ForgetPasswordViewController.m in Sources */,
				5D2F7CF9209D9411007B3812 /* YPTabBar.m in Sources */,
				5D343F78207BB62E006F8616 /* UIColor+Hex.m in Sources */,
				5D5C198520A2F199005422E5 /* ZspMenu.m in Sources */,
				5D5BB24E208E26930067709B /* ZMVerfiyCodeRequest.m in Sources */,
				5D2F7CF8209D9411007B3812 /* YPTabBarController.m in Sources */,
				5D8A46DA2090298D00CE2723 /* ZMAnimatingRequestAccessory.m in Sources */,
				5DC5CBBB20784FA700F3C0D6 /* main.m in Sources */,
				5D2F7CB3209C30C3007B3812 /* ZMMemberResultItemCell.m in Sources */,
				5D8A46E5209078B300CE2723 /* YPImagePicker.m in Sources */,
				5D8A46C7209019C000CE2723 /* YTKBaseRequest+ZMAnimatingAccessory.m in Sources */,
				5D5BB22C2088E7E70067709B /* PersonalInfoCell.m in Sources */,
				5DC5CBAD20784FA700F3C0D6 /* AppDelegate.m in Sources */,
				5D5C197D20A2E019005422E5 /* SSSearchBar.m in Sources */,
				5D5BB2282088E7910067709B /* PersonalInfoViewController.m in Sources */,
				5D5BB25F208E39400067709B /* ZMUpLoadRequest.m in Sources */,
			);
			runOnlyForDeploymentPostprocessing = 0;
		};
		5DDCBE0F208F0FA800B012B0 /* Sources */ = {
			isa = PBXSourcesBuildPhase;
			buildActionMask = 2147483647;
			files = (
				5DDCBE21208F1AA400B012B0 /* ZMTestModel.m in Sources */,
				5DDCBE16208F0FA900B012B0 /* FishUITests.m in Sources */,
				5DDCBE1E208F105600B012B0 /* ZMNetworkRequestTestCase.m in Sources */,
			);
			runOnlyForDeploymentPostprocessing = 0;
		};
/* End PBXSourcesBuildPhase section */

/* Begin PBXTargetDependency section */
		5DDCBE19208F0FA900B012B0 /* PBXTargetDependency */ = {
			isa = PBXTargetDependency;
			target = 5DC5CBA720784FA600F3C0D6 /* Fish */;
			targetProxy = 5DDCBE18208F0FA900B012B0 /* PBXContainerItemProxy */;
		};
/* End PBXTargetDependency section */

/* Begin PBXVariantGroup section */
		5DC5CBB620784FA700F3C0D6 /* LaunchScreen.storyboard */ = {
			isa = PBXVariantGroup;
			children = (
				5DC5CBB720784FA700F3C0D6 /* Base */,
			);
			name = LaunchScreen.storyboard;
			sourceTree = "<group>";
		};
/* End PBXVariantGroup section */

/* Begin XCBuildConfiguration section */
		5DC5CBBC20784FA700F3C0D6 /* Debug */ = {
			isa = XCBuildConfiguration;
			buildSettings = {
				ALWAYS_SEARCH_USER_PATHS = NO;
				CLANG_ANALYZER_NONNULL = YES;
				CLANG_ANALYZER_NUMBER_OBJECT_CONVERSION = YES_AGGRESSIVE;
				CLANG_CXX_LANGUAGE_STANDARD = "gnu++14";
				CLANG_CXX_LIBRARY = "libc++";
				CLANG_ENABLE_MODULES = YES;
				CLANG_ENABLE_OBJC_ARC = YES;
				CLANG_WARN_BLOCK_CAPTURE_AUTORELEASING = YES;
				CLANG_WARN_BOOL_CONVERSION = YES;
				CLANG_WARN_COMMA = YES;
				CLANG_WARN_CONSTANT_CONVERSION = YES;
				CLANG_WARN_DIRECT_OBJC_ISA_USAGE = YES_ERROR;
				CLANG_WARN_DOCUMENTATION_COMMENTS = YES;
				CLANG_WARN_EMPTY_BODY = YES;
				CLANG_WARN_ENUM_CONVERSION = YES;
				CLANG_WARN_INFINITE_RECURSION = YES;
				CLANG_WARN_INT_CONVERSION = YES;
				CLANG_WARN_NON_LITERAL_NULL_CONVERSION = YES;
				CLANG_WARN_OBJC_LITERAL_CONVERSION = YES;
				CLANG_WARN_OBJC_ROOT_CLASS = YES_ERROR;
				CLANG_WARN_RANGE_LOOP_ANALYSIS = YES;
				CLANG_WARN_STRICT_PROTOTYPES = YES;
				CLANG_WARN_SUSPICIOUS_MOVE = YES;
				CLANG_WARN_UNGUARDED_AVAILABILITY = YES_AGGRESSIVE;
				CLANG_WARN_UNREACHABLE_CODE = YES;
				CLANG_WARN__DUPLICATE_METHOD_MATCH = YES;
				CODE_SIGN_IDENTITY = "iPhone Developer";
				COPY_PHASE_STRIP = NO;
				DEBUG_INFORMATION_FORMAT = dwarf;
				ENABLE_STRICT_OBJC_MSGSEND = YES;
				ENABLE_TESTABILITY = YES;
				GCC_C_LANGUAGE_STANDARD = gnu11;
				GCC_DYNAMIC_NO_PIC = NO;
				GCC_NO_COMMON_BLOCKS = YES;
				GCC_OPTIMIZATION_LEVEL = 0;
				GCC_PREPROCESSOR_DEFINITIONS = (
					"DEBUG=1",
					"$(inherited)",
				);
				GCC_WARN_64_TO_32_BIT_CONVERSION = YES;
				GCC_WARN_ABOUT_RETURN_TYPE = YES_ERROR;
				GCC_WARN_UNDECLARED_SELECTOR = YES;
				GCC_WARN_UNINITIALIZED_AUTOS = YES_AGGRESSIVE;
				GCC_WARN_UNUSED_FUNCTION = YES;
				GCC_WARN_UNUSED_VARIABLE = YES;
				IPHONEOS_DEPLOYMENT_TARGET = 11.2;
				MTL_ENABLE_DEBUG_INFO = YES;
				ONLY_ACTIVE_ARCH = YES;
				SDKROOT = iphoneos;
			};
			name = Debug;
		};
		5DC5CBBD20784FA700F3C0D6 /* Release */ = {
			isa = XCBuildConfiguration;
			buildSettings = {
				ALWAYS_SEARCH_USER_PATHS = NO;
				CLANG_ANALYZER_NONNULL = YES;
				CLANG_ANALYZER_NUMBER_OBJECT_CONVERSION = YES_AGGRESSIVE;
				CLANG_CXX_LANGUAGE_STANDARD = "gnu++14";
				CLANG_CXX_LIBRARY = "libc++";
				CLANG_ENABLE_MODULES = YES;
				CLANG_ENABLE_OBJC_ARC = YES;
				CLANG_WARN_BLOCK_CAPTURE_AUTORELEASING = YES;
				CLANG_WARN_BOOL_CONVERSION = YES;
				CLANG_WARN_COMMA = YES;
				CLANG_WARN_CONSTANT_CONVERSION = YES;
				CLANG_WARN_DIRECT_OBJC_ISA_USAGE = YES_ERROR;
				CLANG_WARN_DOCUMENTATION_COMMENTS = YES;
				CLANG_WARN_EMPTY_BODY = YES;
				CLANG_WARN_ENUM_CONVERSION = YES;
				CLANG_WARN_INFINITE_RECURSION = YES;
				CLANG_WARN_INT_CONVERSION = YES;
				CLANG_WARN_NON_LITERAL_NULL_CONVERSION = YES;
				CLANG_WARN_OBJC_LITERAL_CONVERSION = YES;
				CLANG_WARN_OBJC_ROOT_CLASS = YES_ERROR;
				CLANG_WARN_RANGE_LOOP_ANALYSIS = YES;
				CLANG_WARN_STRICT_PROTOTYPES = YES;
				CLANG_WARN_SUSPICIOUS_MOVE = YES;
				CLANG_WARN_UNGUARDED_AVAILABILITY = YES_AGGRESSIVE;
				CLANG_WARN_UNREACHABLE_CODE = YES;
				CLANG_WARN__DUPLICATE_METHOD_MATCH = YES;
				CODE_SIGN_IDENTITY = "iPhone Developer";
				COPY_PHASE_STRIP = NO;
				DEBUG_INFORMATION_FORMAT = "dwarf-with-dsym";
				ENABLE_NS_ASSERTIONS = NO;
				ENABLE_STRICT_OBJC_MSGSEND = YES;
				GCC_C_LANGUAGE_STANDARD = gnu11;
				GCC_NO_COMMON_BLOCKS = YES;
				GCC_WARN_64_TO_32_BIT_CONVERSION = YES;
				GCC_WARN_ABOUT_RETURN_TYPE = YES_ERROR;
				GCC_WARN_UNDECLARED_SELECTOR = YES;
				GCC_WARN_UNINITIALIZED_AUTOS = YES_AGGRESSIVE;
				GCC_WARN_UNUSED_FUNCTION = YES;
				GCC_WARN_UNUSED_VARIABLE = YES;
				IPHONEOS_DEPLOYMENT_TARGET = 11.2;
				MTL_ENABLE_DEBUG_INFO = NO;
				SDKROOT = iphoneos;
				VALIDATE_PRODUCT = YES;
			};
			name = Release;
		};
		5DC5CBBF20784FA700F3C0D6 /* Debug */ = {
			isa = XCBuildConfiguration;
			baseConfigurationReference = 484F65B6951CFF90B1D21650 /* Pods-Fish.debug.xcconfig */;
			buildSettings = {
				ASSETCATALOG_COMPILER_APPICON_NAME = AppIcon;
				CODE_SIGN_STYLE = Automatic;
				DEVELOPMENT_TEAM = 8MM5DDTWR5;
				GCC_PREFIX_HEADER = "$(SRCROOT)/Fish/LLRiseTabBarDemo.pch";
				INFOPLIST_FILE = Fish/Info.plist;
				LD_RUNPATH_SEARCH_PATHS = "$(inherited) @executable_path/Frameworks";
				PRODUCT_BUNDLE_IDENTIFIER = MG.Fish;
				PRODUCT_NAME = "$(TARGET_NAME)";
				TARGETED_DEVICE_FAMILY = "1,2";
			};
			name = Debug;
		};
		5DC5CBC020784FA700F3C0D6 /* Release */ = {
			isa = XCBuildConfiguration;
			baseConfigurationReference = 93A015B05C9C378E7E66C2D7 /* Pods-Fish.release.xcconfig */;
			buildSettings = {
				ASSETCATALOG_COMPILER_APPICON_NAME = AppIcon;
				CODE_SIGN_STYLE = Automatic;
				DEVELOPMENT_TEAM = 8MM5DDTWR5;
				GCC_PREFIX_HEADER = "$(SRCROOT)/Fish/LLRiseTabBarDemo.pch";
				INFOPLIST_FILE = Fish/Info.plist;
				LD_RUNPATH_SEARCH_PATHS = "$(inherited) @executable_path/Frameworks";
				PRODUCT_BUNDLE_IDENTIFIER = MG.Fish;
				PRODUCT_NAME = "$(TARGET_NAME)";
				TARGETED_DEVICE_FAMILY = "1,2";
			};
			name = Release;
		};
		5DDCBE1A208F0FA900B012B0 /* Debug */ = {
			isa = XCBuildConfiguration;
			buildSettings = {
				CODE_SIGN_STYLE = Automatic;
				DEVELOPMENT_TEAM = XK86J33PN9;
				INFOPLIST_FILE = FishUITests/Info.plist;
				LD_RUNPATH_SEARCH_PATHS = "$(inherited) @executable_path/Frameworks @loader_path/Frameworks";
				PRODUCT_BUNDLE_IDENTIFIER = MG.FishUITests;
				PRODUCT_NAME = "$(TARGET_NAME)";
				TARGETED_DEVICE_FAMILY = "1,2";
				TEST_TARGET_NAME = Fish;
			};
			name = Debug;
		};
		5DDCBE1B208F0FA900B012B0 /* Release */ = {
			isa = XCBuildConfiguration;
			buildSettings = {
				CODE_SIGN_STYLE = Automatic;
				DEVELOPMENT_TEAM = XK86J33PN9;
				INFOPLIST_FILE = FishUITests/Info.plist;
				LD_RUNPATH_SEARCH_PATHS = "$(inherited) @executable_path/Frameworks @loader_path/Frameworks";
				PRODUCT_BUNDLE_IDENTIFIER = MG.FishUITests;
				PRODUCT_NAME = "$(TARGET_NAME)";
				TARGETED_DEVICE_FAMILY = "1,2";
				TEST_TARGET_NAME = Fish;
			};
			name = Release;
		};
/* End XCBuildConfiguration section */

/* Begin XCConfigurationList section */
		5DC5CBA320784FA600F3C0D6 /* Build configuration list for PBXProject "Fish" */ = {
			isa = XCConfigurationList;
			buildConfigurations = (
				5DC5CBBC20784FA700F3C0D6 /* Debug */,
				5DC5CBBD20784FA700F3C0D6 /* Release */,
			);
			defaultConfigurationIsVisible = 0;
			defaultConfigurationName = Release;
		};
		5DC5CBBE20784FA700F3C0D6 /* Build configuration list for PBXNativeTarget "Fish" */ = {
			isa = XCConfigurationList;
			buildConfigurations = (
				5DC5CBBF20784FA700F3C0D6 /* Debug */,
				5DC5CBC020784FA700F3C0D6 /* Release */,
			);
			defaultConfigurationIsVisible = 0;
			defaultConfigurationName = Release;
		};
		5DDCBE1C208F0FA900B012B0 /* Build configuration list for PBXNativeTarget "FishUITests" */ = {
			isa = XCConfigurationList;
			buildConfigurations = (
				5DDCBE1A208F0FA900B012B0 /* Debug */,
				5DDCBE1B208F0FA900B012B0 /* Release */,
			);
			defaultConfigurationIsVisible = 0;
			defaultConfigurationName = Release;
		};
/* End XCConfigurationList section */
	};
	rootObject = 5DC5CBA020784FA600F3C0D6 /* Project object */;
}
